// !$*UTF8*$!
{
	archiveVersion = 1;
	classes = {
	};
	objectVersion = 46;
	objects = {

/* Begin PBXBuildFile section */
		4F1A62541A1A90B300826ECE /* MessagesTableViewController.swift in Sources */ = {isa = PBXBuildFile; fileRef = 4F1A62531A1A90B300826ECE /* MessagesTableViewController.swift */; };
		4F1A62561A1A90EE00826ECE /* Message.swift in Sources */ = {isa = PBXBuildFile; fileRef = 4F1A62551A1A90EE00826ECE /* Message.swift */; };
		4F1AD1711A139B490047BEE8 /* FSTextFieldTableViewCell.swift in Sources */ = {isa = PBXBuildFile; fileRef = 4F1AD16F1A139B490047BEE8 /* FSTextFieldTableViewCell.swift */; };
		4F1AD1721A139B490047BEE8 /* FSTextFieldTableViewCell.xib in Resources */ = {isa = PBXBuildFile; fileRef = 4F1AD1701A139B490047BEE8 /* FSTextFieldTableViewCell.xib */; };
		4F1AD1791A14F6A70047BEE8 /* QuartzCore.framework in Frameworks */ = {isa = PBXBuildFile; fileRef = 4F1AD1781A14F6A70047BEE8 /* QuartzCore.framework */; };
		4F1AD1811A153E620047BEE8 /* JourneyTableViewCell.swift in Sources */ = {isa = PBXBuildFile; fileRef = 4F1AD17F1A153E620047BEE8 /* JourneyTableViewCell.swift */; };
		4F1AD1821A153E620047BEE8 /* JourneyTableViewCell.xib in Resources */ = {isa = PBXBuildFile; fileRef = 4F1AD1801A153E620047BEE8 /* JourneyTableViewCell.xib */; };
		4F1AD19E1A155C460047BEE8 /* FontAwesome.ttf in Resources */ = {isa = PBXBuildFile; fileRef = 4F1AD1981A155C460047BEE8 /* FontAwesome.ttf */; };
		4F1AD1A81A1562760047BEE8 /* HikesTableViewController.swift in Sources */ = {isa = PBXBuildFile; fileRef = 4F1AD1A71A1562760047BEE8 /* HikesTableViewController.swift */; };
		4F20D3651A23354E00A1CAC5 /* MKAnnotationView+WebCache.m in Sources */ = {isa = PBXBuildFile; fileRef = 4F20D3451A23354E00A1CAC5 /* MKAnnotationView+WebCache.m */; };
		4F20D3661A23354E00A1CAC5 /* NSData+ImageContentType.m in Sources */ = {isa = PBXBuildFile; fileRef = 4F20D3471A23354E00A1CAC5 /* NSData+ImageContentType.m */; };
		4F20D3671A23354E00A1CAC5 /* SDImageCache.m in Sources */ = {isa = PBXBuildFile; fileRef = 4F20D3491A23354E00A1CAC5 /* SDImageCache.m */; };
		4F20D3681A23354E00A1CAC5 /* SDWebImageCompat.m in Sources */ = {isa = PBXBuildFile; fileRef = 4F20D34B1A23354E00A1CAC5 /* SDWebImageCompat.m */; };
		4F20D3691A23354E00A1CAC5 /* SDWebImageDecoder.m in Sources */ = {isa = PBXBuildFile; fileRef = 4F20D34D1A23354E00A1CAC5 /* SDWebImageDecoder.m */; };
		4F20D36A1A23354E00A1CAC5 /* SDWebImageDownloader.m in Sources */ = {isa = PBXBuildFile; fileRef = 4F20D34F1A23354E00A1CAC5 /* SDWebImageDownloader.m */; };
		4F20D36B1A23354E00A1CAC5 /* SDWebImageDownloaderOperation.m in Sources */ = {isa = PBXBuildFile; fileRef = 4F20D3511A23354E00A1CAC5 /* SDWebImageDownloaderOperation.m */; };
		4F20D36C1A23354E00A1CAC5 /* SDWebImageManager.m in Sources */ = {isa = PBXBuildFile; fileRef = 4F20D3531A23354E00A1CAC5 /* SDWebImageManager.m */; };
		4F20D36D1A23354E00A1CAC5 /* SDWebImagePrefetcher.m in Sources */ = {isa = PBXBuildFile; fileRef = 4F20D3561A23354E00A1CAC5 /* SDWebImagePrefetcher.m */; };
		4F20D36E1A23354E00A1CAC5 /* UIButton+WebCache.m in Sources */ = {isa = PBXBuildFile; fileRef = 4F20D3581A23354E00A1CAC5 /* UIButton+WebCache.m */; };
		4F20D36F1A23354E00A1CAC5 /* UIImage+GIF.m in Sources */ = {isa = PBXBuildFile; fileRef = 4F20D35A1A23354E00A1CAC5 /* UIImage+GIF.m */; };
		4F20D3701A23354E00A1CAC5 /* UIImage+MultiFormat.m in Sources */ = {isa = PBXBuildFile; fileRef = 4F20D35C1A23354E00A1CAC5 /* UIImage+MultiFormat.m */; };
		4F20D3711A23354E00A1CAC5 /* UIImage+WebP.m in Sources */ = {isa = PBXBuildFile; fileRef = 4F20D35E1A23354E00A1CAC5 /* UIImage+WebP.m */; };
		4F20D3721A23354E00A1CAC5 /* UIImageView+HighlightedWebCache.m in Sources */ = {isa = PBXBuildFile; fileRef = 4F20D3601A23354E00A1CAC5 /* UIImageView+HighlightedWebCache.m */; };
		4F20D3731A23354E00A1CAC5 /* UIImageView+WebCache.m in Sources */ = {isa = PBXBuildFile; fileRef = 4F20D3621A23354E00A1CAC5 /* UIImageView+WebCache.m */; };
		4F20D3741A23354E00A1CAC5 /* UIView+WebCacheOperation.m in Sources */ = {isa = PBXBuildFile; fileRef = 4F20D3641A23354E00A1CAC5 /* UIView+WebCacheOperation.m */; };
		4F20D37A1A23412400A1CAC5 /* MGSwipeButton.m in Sources */ = {isa = PBXBuildFile; fileRef = 4F20D3771A23412400A1CAC5 /* MGSwipeButton.m */; };
		4F20D37B1A23412400A1CAC5 /* MGSwipeTableCell.m in Sources */ = {isa = PBXBuildFile; fileRef = 4F20D3791A23412400A1CAC5 /* MGSwipeTableCell.m */; };
		4F20D37E1A23477600A1CAC5 /* HikeTableViewCell.swift in Sources */ = {isa = PBXBuildFile; fileRef = 4F20D37C1A23477600A1CAC5 /* HikeTableViewCell.swift */; };
		4F20D37F1A23477600A1CAC5 /* HikeTableViewCell.xib in Resources */ = {isa = PBXBuildFile; fileRef = 4F20D37D1A23477600A1CAC5 /* HikeTableViewCell.xib */; };
		4F20D3811A235B9500A1CAC5 /* OCRAStd.otf in Resources */ = {isa = PBXBuildFile; fileRef = 4F20D3801A235B9500A1CAC5 /* OCRAStd.otf */; };
		4F2773751A08E5BA0012B779 /* AddCarTableViewController.swift in Sources */ = {isa = PBXBuildFile; fileRef = 4F2773741A08E5BA0012B779 /* AddCarTableViewController.swift */; };
		4F412D611A24B89700019241 /* JCNotificationBanner.m in Sources */ = {isa = PBXBuildFile; fileRef = 4F412D4B1A24B89700019241 /* JCNotificationBanner.m */; };
		4F412D621A24B89700019241 /* JCNotificationBannerPresenter.m in Sources */ = {isa = PBXBuildFile; fileRef = 4F412D4E1A24B89700019241 /* JCNotificationBannerPresenter.m */; };
		4F412D631A24B89700019241 /* JCNotificationBannerPresenterIOS7Style.m in Sources */ = {isa = PBXBuildFile; fileRef = 4F412D501A24B89700019241 /* JCNotificationBannerPresenterIOS7Style.m */; };
		4F412D641A24B89700019241 /* JCNotificationBannerPresenterIOSStyle.m in Sources */ = {isa = PBXBuildFile; fileRef = 4F412D521A24B89700019241 /* JCNotificationBannerPresenterIOSStyle.m */; };
		4F412D651A24B89700019241 /* JCNotificationBannerPresenterSmokeStyle.m in Sources */ = {isa = PBXBuildFile; fileRef = 4F412D541A24B89700019241 /* JCNotificationBannerPresenterSmokeStyle.m */; };
		4F412D661A24B89700019241 /* JCNotificationBannerView.m in Sources */ = {isa = PBXBuildFile; fileRef = 4F412D561A24B89700019241 /* JCNotificationBannerView.m */; };
		4F412D671A24B89700019241 /* JCNotificationBannerViewController.m in Sources */ = {isa = PBXBuildFile; fileRef = 4F412D581A24B89700019241 /* JCNotificationBannerViewController.m */; };
		4F412D681A24B89700019241 /* JCNotificationBannerViewIOS7Style.m in Sources */ = {isa = PBXBuildFile; fileRef = 4F412D5A1A24B89700019241 /* JCNotificationBannerViewIOS7Style.m */; };
		4F412D691A24B89700019241 /* JCNotificationBannerViewIOSStyle.m in Sources */ = {isa = PBXBuildFile; fileRef = 4F412D5C1A24B89700019241 /* JCNotificationBannerViewIOSStyle.m */; };
		4F412D6A1A24B89700019241 /* JCNotificationBannerWindow.m in Sources */ = {isa = PBXBuildFile; fileRef = 4F412D5E1A24B89700019241 /* JCNotificationBannerWindow.m */; };
		4F412D6B1A24B89700019241 /* JCNotificationCenter.m in Sources */ = {isa = PBXBuildFile; fileRef = 4F412D601A24B89700019241 /* JCNotificationCenter.m */; };
		4F412D6E1A24C72C00019241 /* AcceptJourneyRequestTableViewCell.swift in Sources */ = {isa = PBXBuildFile; fileRef = 4F412D6C1A24C72C00019241 /* AcceptJourneyRequestTableViewCell.swift */; };
		4F412D6F1A24C72C00019241 /* AcceptJourneyRequestTableViewCell.xib in Resources */ = {isa = PBXBuildFile; fileRef = 4F412D6D1A24C72C00019241 /* AcceptJourneyRequestTableViewCell.xib */; };
		4F412DA41A25266200019241 /* CarViewController.swift in Sources */ = {isa = PBXBuildFile; fileRef = 4F412DA21A25266200019241 /* CarViewController.swift */; };
		4F412DA51A25266200019241 /* CarViewController.xib in Resources */ = {isa = PBXBuildFile; fileRef = 4F412DA31A25266200019241 /* CarViewController.xib */; };
		4F412DA81A254E2800019241 /* ImageTableViewCell.swift in Sources */ = {isa = PBXBuildFile; fileRef = 4F412DA61A254E2800019241 /* ImageTableViewCell.swift */; };
		4F412DA91A254E2800019241 /* ImageTableViewCell.xib in Resources */ = {isa = PBXBuildFile; fileRef = 4F412DA71A254E2800019241 /* ImageTableViewCell.xib */; };
		4F412DAC1A2550A000019241 /* FSTextViewTableViewCell.swift in Sources */ = {isa = PBXBuildFile; fileRef = 4F412DAA1A2550A000019241 /* FSTextViewTableViewCell.swift */; };
		4F412DAD1A2550A000019241 /* FSTextViewTableViewCell.xib in Resources */ = {isa = PBXBuildFile; fileRef = 4F412DAB1A2550A000019241 /* FSTextViewTableViewCell.xib */; };
		4F4E363D1A13622100934D6B /* SharedStorage.swift in Sources */ = {isa = PBXBuildFile; fileRef = 4F4E363C1A13622100934D6B /* SharedStorage.swift */; };
		4F4FFD691A1F5F80004EE524 /* ChatLabel.swift in Sources */ = {isa = PBXBuildFile; fileRef = 4F4FFD681A1F5F80004EE524 /* ChatLabel.swift */; };
		4F4FFDB31A1FBC31004EE524 /* ImageIO.framework in Frameworks */ = {isa = PBXBuildFile; fileRef = 4F4FFDB21A1FBC31004EE524 /* ImageIO.framework */; };
		4F4FFDBA1A1FC3AD004EE524 /* FSProfileTableViewCell.swift in Sources */ = {isa = PBXBuildFile; fileRef = 4F4FFDB81A1FC3AD004EE524 /* FSProfileTableViewCell.swift */; };
		4F4FFDBB1A1FC3AD004EE524 /* FSProfileTableViewCell.xib in Resources */ = {isa = PBXBuildFile; fileRef = 4F4FFDB91A1FC3AD004EE524 /* FSProfileTableViewCell.xib */; };
		4F4FFDBC1A20AB2B004EE524 /* SVProgressHUD.m in Sources */ = {isa = PBXBuildFile; fileRef = 4F1AD1761A14F6640047BEE8 /* SVProgressHUD.m */; };
		4F4FFDBD1A20AB35004EE524 /* FacebookCtrl.m in Sources */ = {isa = PBXBuildFile; fileRef = 4FC1E60F19FEB891002F743B /* FacebookCtrl.m */; };
		4F4FFDBE1A20AC63004EE524 /* FAImageView.m in Sources */ = {isa = PBXBuildFile; fileRef = 4F1AD1931A155C460047BEE8 /* FAImageView.m */; };
		4F4FFDBF1A20AC63004EE524 /* NSString+FontAwesome.m in Sources */ = {isa = PBXBuildFile; fileRef = 4F1AD1951A155C460047BEE8 /* NSString+FontAwesome.m */; };
		4F4FFDC01A20AC63004EE524 /* UIFont+FontAwesome.m in Sources */ = {isa = PBXBuildFile; fileRef = 4F1AD19A1A155C460047BEE8 /* UIFont+FontAwesome.m */; };
		4F525F371A05958B00EDD696 /* Journey.swift in Sources */ = {isa = PBXBuildFile; fileRef = 4F525F361A05958B00EDD696 /* Journey.swift */; };
		4F525F391A05A10800EDD696 /* NearbyJourneysTableViewController.swift in Sources */ = {isa = PBXBuildFile; fileRef = 4F525F381A05A10800EDD696 /* NearbyJourneysTableViewController.swift */; };
		4F525F3B1A05A26C00EDD696 /* AddJourneyTableViewController.swift in Sources */ = {isa = PBXBuildFile; fileRef = 4F525F3A1A05A26C00EDD696 /* AddJourneyTableViewController.swift */; };
		4F525F3D1A06A46500EDD696 /* CarsTableViewController.swift in Sources */ = {isa = PBXBuildFile; fileRef = 4F525F3C1A06A46500EDD696 /* CarsTableViewController.swift */; };
		4F8856AD1A1118240039EA6E /* SwitchTableViewCell.swift in Sources */ = {isa = PBXBuildFile; fileRef = 4F8856AB1A1118240039EA6E /* SwitchTableViewCell.swift */; };
		4F8856AE1A1118240039EA6E /* SwitchTableViewCell.xib in Resources */ = {isa = PBXBuildFile; fileRef = 4F8856AC1A1118240039EA6E /* SwitchTableViewCell.xib */; };
		4F8B23EE1A288DCD0095EC1B /* PassengersTableViewController.swift in Sources */ = {isa = PBXBuildFile; fileRef = 4F8B23ED1A288DCD0095EC1B /* PassengersTableViewController.swift */; };
		4F8B23F01A288EBC0095EC1B /* JourneyPassenger.swift in Sources */ = {isa = PBXBuildFile; fileRef = 4F8B23EF1A288EBC0095EC1B /* JourneyPassenger.swift */; };
		4F95342719FFEFDF0058210D /* UserTableViewController.swift in Sources */ = {isa = PBXBuildFile; fileRef = 4F95342619FFEFDF0058210D /* UserTableViewController.swift */; };
		4FA9F15A19FED9B7009D0F33 /* User.swift in Sources */ = {isa = PBXBuildFile; fileRef = 4FA9F15919FED9B7009D0F33 /* User.swift */; };
		4FA9F16119FFD3CA009D0F33 /* PageRootViewController.swift in Sources */ = {isa = PBXBuildFile; fileRef = 4FA9F16019FFD3CA009D0F33 /* PageRootViewController.swift */; };
		4FC1E5E619FEB518002F743B /* AppDelegate.swift in Sources */ = {isa = PBXBuildFile; fileRef = 4FC1E5E519FEB518002F743B /* AppDelegate.swift */; };
		4FC1E5EB19FEB518002F743B /* Main.storyboard in Resources */ = {isa = PBXBuildFile; fileRef = 4FC1E5E919FEB518002F743B /* Main.storyboard */; };
		4FC1E5ED19FEB518002F743B /* Images.xcassets in Resources */ = {isa = PBXBuildFile; fileRef = 4FC1E5EC19FEB518002F743B /* Images.xcassets */; };
		4FC1E5F019FEB518002F743B /* LaunchScreen.xib in Resources */ = {isa = PBXBuildFile; fileRef = 4FC1E5EE19FEB518002F743B /* LaunchScreen.xib */; };
		4FC1E60819FEB751002F743B /* LoginViewController.swift in Sources */ = {isa = PBXBuildFile; fileRef = 4FC1E60719FEB751002F743B /* LoginViewController.swift */; };
		4FC1E60A19FEB839002F743B /* Social.framework in Frameworks */ = {isa = PBXBuildFile; fileRef = 4FC1E60919FEB839002F743B /* Social.framework */; };
		4FC1E60C19FEB866002F743B /* Accounts.framework in Frameworks */ = {isa = PBXBuildFile; fileRef = 4FC1E60B19FEB866002F743B /* Accounts.framework */; };
		4FD346E01A127A76006026DD /* StepperTableViewCell.swift in Sources */ = {isa = PBXBuildFile; fileRef = 4FD346DE1A127A76006026DD /* StepperTableViewCell.swift */; };
		4FD346E11A127A76006026DD /* StepperTableViewCell.xib in Resources */ = {isa = PBXBuildFile; fileRef = 4FD346DF1A127A76006026DD /* StepperTableViewCell.xib */; };
		4FD346E41A127CB3006026DD /* PriceTableViewCell.swift in Sources */ = {isa = PBXBuildFile; fileRef = 4FD346E21A127CB3006026DD /* PriceTableViewCell.swift */; };
		4FD346E51A127CB3006026DD /* PriceTableViewCell.xib in Resources */ = {isa = PBXBuildFile; fileRef = 4FD346E31A127CB3006026DD /* PriceTableViewCell.xib */; };
		4FD346E81A12831B006026DD /* StartEndTableViewCell.swift in Sources */ = {isa = PBXBuildFile; fileRef = 4FD346E61A12831B006026DD /* StartEndTableViewCell.swift */; };
		4FD346E91A12831B006026DD /* StartEndTableViewCell.xib in Resources */ = {isa = PBXBuildFile; fileRef = 4FD346E71A12831B006026DD /* StartEndTableViewCell.xib */; };
		4FD3C9D11A23FB10003058F6 /* JourneyRequestTableViewCell.swift in Sources */ = {isa = PBXBuildFile; fileRef = 4FD3C9CF1A23FB10003058F6 /* JourneyRequestTableViewCell.swift */; };
		4FD3C9D21A23FB10003058F6 /* JourneyRequestTableViewCell.xib in Resources */ = {isa = PBXBuildFile; fileRef = 4FD3C9D01A23FB10003058F6 /* JourneyRequestTableViewCell.xib */; };
		4FD6D2921A0551F600199082 /* Car.swift in Sources */ = {isa = PBXBuildFile; fileRef = 4FD6D2911A0551F600199082 /* Car.swift */; };
		4FD6D2961A05560B00199082 /* Network.swift in Sources */ = {isa = PBXBuildFile; fileRef = 4FD6D2951A05560B00199082 /* Network.swift */; };
		4FEA2EA71A29F504008C1CE7 /* LocationFinderTableViewController.swift in Sources */ = {isa = PBXBuildFile; fileRef = 4FEA2EA61A29F504008C1CE7 /* LocationFinderTableViewController.swift */; };
		4FEA2EA91A29FB00008C1CE7 /* MapKit.framework in Frameworks */ = {isa = PBXBuildFile; fileRef = 4FEA2EA81A29FB00008C1CE7 /* MapKit.framework */; };
		4FEA2EAC1A2A01AC008C1CE7 /* FSFullTextFieldTableViewCell.swift in Sources */ = {isa = PBXBuildFile; fileRef = 4FEA2EAA1A2A01AC008C1CE7 /* FSFullTextFieldTableViewCell.swift */; };
		4FEA2EAD1A2A01AC008C1CE7 /* FSFullTextFieldTableViewCell.xib in Resources */ = {isa = PBXBuildFile; fileRef = 4FEA2EAB1A2A01AC008C1CE7 /* FSFullTextFieldTableViewCell.xib */; };
		4FEA2EB01A2AD525008C1CE7 /* ReviewViewController.swift in Sources */ = {isa = PBXBuildFile; fileRef = 4FEA2EAE1A2AD525008C1CE7 /* ReviewViewController.swift */; };
		4FEA2EB11A2AD525008C1CE7 /* ReviewViewController.xib in Resources */ = {isa = PBXBuildFile; fileRef = 4FEA2EAF1A2AD525008C1CE7 /* ReviewViewController.xib */; };
		4FF31FF61A1F4EC9005805D7 /* RightChatTableViewCell.swift in Sources */ = {isa = PBXBuildFile; fileRef = 4FF31FF41A1F4EC9005805D7 /* RightChatTableViewCell.swift */; };
		4FF31FF71A1F4EC9005805D7 /* RightChatTableViewCell.xib in Resources */ = {isa = PBXBuildFile; fileRef = 4FF31FF51A1F4EC9005805D7 /* RightChatTableViewCell.xib */; };
		4FF31FFA1A1F57AD005805D7 /* LeftChatTableViewCell.swift in Sources */ = {isa = PBXBuildFile; fileRef = 4FF31FF81A1F57AD005805D7 /* LeftChatTableViewCell.swift */; };
		4FF31FFB1A1F57AD005805D7 /* LeftChatTableViewCell.xib in Resources */ = {isa = PBXBuildFile; fileRef = 4FF31FF91A1F57AD005805D7 /* LeftChatTableViewCell.xib */; };
		DB22377A1A2B242200BCE0F2 /* SettingTableViewCell.swift in Sources */ = {isa = PBXBuildFile; fileRef = DB2237781A2B242200BCE0F2 /* SettingTableViewCell.swift */; };
		DB22377B1A2B242200BCE0F2 /* SettingTableViewCell.xib in Resources */ = {isa = PBXBuildFile; fileRef = DB2237791A2B242200BCE0F2 /* SettingTableViewCell.xib */; };
		DB22377D1A2B2F0300BCE0F2 /* SettingTableViewController.swift in Sources */ = {isa = PBXBuildFile; fileRef = DB22377C1A2B2F0300BCE0F2 /* SettingTableViewController.swift */; };
		DB57FE551A26F2C100D99648 /* Common.xcassets in Resources */ = {isa = PBXBuildFile; fileRef = DB57FE541A26F2C100D99648 /* Common.xcassets */; };
/* End PBXBuildFile section */

/* Begin PBXFileReference section */
		4F1A62531A1A90B300826ECE /* MessagesTableViewController.swift */ = {isa = PBXFileReference; fileEncoding = 4; lastKnownFileType = sourcecode.swift; path = MessagesTableViewController.swift; sourceTree = "<group>"; };
		4F1A62551A1A90EE00826ECE /* Message.swift */ = {isa = PBXFileReference; fileEncoding = 4; lastKnownFileType = sourcecode.swift; path = Message.swift; sourceTree = "<group>"; };
		4F1AD16F1A139B490047BEE8 /* FSTextFieldTableViewCell.swift */ = {isa = PBXFileReference; fileEncoding = 4; lastKnownFileType = sourcecode.swift; path = FSTextFieldTableViewCell.swift; sourceTree = "<group>"; };
		4F1AD1701A139B490047BEE8 /* FSTextFieldTableViewCell.xib */ = {isa = PBXFileReference; fileEncoding = 4; lastKnownFileType = file.xib; path = FSTextFieldTableViewCell.xib; sourceTree = "<group>"; };
		4F1AD1751A14F6640047BEE8 /* SVProgressHUD.h */ = {isa = PBXFileReference; fileEncoding = 4; lastKnownFileType = sourcecode.c.h; name = SVProgressHUD.h; path = SVProgressHUD/SVProgressHUD.h; sourceTree = "<group>"; };
		4F1AD1761A14F6640047BEE8 /* SVProgressHUD.m */ = {isa = PBXFileReference; fileEncoding = 4; lastKnownFileType = sourcecode.c.objc; name = SVProgressHUD.m; path = SVProgressHUD/SVProgressHUD.m; sourceTree = "<group>"; };
		4F1AD1781A14F6A70047BEE8 /* QuartzCore.framework */ = {isa = PBXFileReference; lastKnownFileType = wrapper.framework; name = QuartzCore.framework; path = System/Library/Frameworks/QuartzCore.framework; sourceTree = SDKROOT; };
		4F1AD17F1A153E620047BEE8 /* JourneyTableViewCell.swift */ = {isa = PBXFileReference; fileEncoding = 4; lastKnownFileType = sourcecode.swift; path = JourneyTableViewCell.swift; sourceTree = "<group>"; };
		4F1AD1801A153E620047BEE8 /* JourneyTableViewCell.xib */ = {isa = PBXFileReference; fileEncoding = 4; lastKnownFileType = file.xib; path = JourneyTableViewCell.xib; sourceTree = "<group>"; };
		4F1AD1921A155C460047BEE8 /* FAImageView.h */ = {isa = PBXFileReference; fileEncoding = 4; lastKnownFileType = sourcecode.c.h; name = FAImageView.h; path = "ios-fontawesome/FAImageView.h"; sourceTree = "<group>"; };
		4F1AD1931A155C460047BEE8 /* FAImageView.m */ = {isa = PBXFileReference; fileEncoding = 4; lastKnownFileType = sourcecode.c.objc; name = FAImageView.m; path = "ios-fontawesome/FAImageView.m"; sourceTree = "<group>"; };
		4F1AD1941A155C460047BEE8 /* NSString+FontAwesome.h */ = {isa = PBXFileReference; fileEncoding = 4; lastKnownFileType = sourcecode.c.h; name = "NSString+FontAwesome.h"; path = "ios-fontawesome/NSString+FontAwesome.h"; sourceTree = "<group>"; };
		4F1AD1951A155C460047BEE8 /* NSString+FontAwesome.m */ = {isa = PBXFileReference; fileEncoding = 4; lastKnownFileType = sourcecode.c.objc; name = "NSString+FontAwesome.m"; path = "ios-fontawesome/NSString+FontAwesome.m"; sourceTree = "<group>"; };
		4F1AD1961A155C460047BEE8 /* README.md */ = {isa = PBXFileReference; fileEncoding = 4; lastKnownFileType = net.daringfireball.markdown; name = README.md; path = "ios-fontawesome/README.md"; sourceTree = "<group>"; };
		4F1AD1981A155C460047BEE8 /* FontAwesome.ttf */ = {isa = PBXFileReference; lastKnownFileType = file; path = FontAwesome.ttf; sourceTree = "<group>"; };
		4F1AD1991A155C460047BEE8 /* UIFont+FontAwesome.h */ = {isa = PBXFileReference; fileEncoding = 4; lastKnownFileType = sourcecode.c.h; name = "UIFont+FontAwesome.h"; path = "ios-fontawesome/UIFont+FontAwesome.h"; sourceTree = "<group>"; };
		4F1AD19A1A155C460047BEE8 /* UIFont+FontAwesome.m */ = {isa = PBXFileReference; fileEncoding = 4; lastKnownFileType = sourcecode.c.objc; name = "UIFont+FontAwesome.m"; path = "ios-fontawesome/UIFont+FontAwesome.m"; sourceTree = "<group>"; };
		4F1AD1A71A1562760047BEE8 /* HikesTableViewController.swift */ = {isa = PBXFileReference; fileEncoding = 4; lastKnownFileType = sourcecode.swift; path = HikesTableViewController.swift; sourceTree = "<group>"; };
		4F20D3441A23354E00A1CAC5 /* MKAnnotationView+WebCache.h */ = {isa = PBXFileReference; fileEncoding = 4; lastKnownFileType = sourcecode.c.h; path = "MKAnnotationView+WebCache.h"; sourceTree = "<group>"; };
		4F20D3451A23354E00A1CAC5 /* MKAnnotationView+WebCache.m */ = {isa = PBXFileReference; fileEncoding = 4; lastKnownFileType = sourcecode.c.objc; path = "MKAnnotationView+WebCache.m"; sourceTree = "<group>"; };
		4F20D3461A23354E00A1CAC5 /* NSData+ImageContentType.h */ = {isa = PBXFileReference; fileEncoding = 4; lastKnownFileType = sourcecode.c.h; path = "NSData+ImageContentType.h"; sourceTree = "<group>"; };
		4F20D3471A23354E00A1CAC5 /* NSData+ImageContentType.m */ = {isa = PBXFileReference; fileEncoding = 4; lastKnownFileType = sourcecode.c.objc; path = "NSData+ImageContentType.m"; sourceTree = "<group>"; };
		4F20D3481A23354E00A1CAC5 /* SDImageCache.h */ = {isa = PBXFileReference; fileEncoding = 4; lastKnownFileType = sourcecode.c.h; path = SDImageCache.h; sourceTree = "<group>"; };
		4F20D3491A23354E00A1CAC5 /* SDImageCache.m */ = {isa = PBXFileReference; fileEncoding = 4; lastKnownFileType = sourcecode.c.objc; path = SDImageCache.m; sourceTree = "<group>"; };
		4F20D34A1A23354E00A1CAC5 /* SDWebImageCompat.h */ = {isa = PBXFileReference; fileEncoding = 4; lastKnownFileType = sourcecode.c.h; path = SDWebImageCompat.h; sourceTree = "<group>"; };
		4F20D34B1A23354E00A1CAC5 /* SDWebImageCompat.m */ = {isa = PBXFileReference; fileEncoding = 4; lastKnownFileType = sourcecode.c.objc; path = SDWebImageCompat.m; sourceTree = "<group>"; };
		4F20D34C1A23354E00A1CAC5 /* SDWebImageDecoder.h */ = {isa = PBXFileReference; fileEncoding = 4; lastKnownFileType = sourcecode.c.h; path = SDWebImageDecoder.h; sourceTree = "<group>"; };
		4F20D34D1A23354E00A1CAC5 /* SDWebImageDecoder.m */ = {isa = PBXFileReference; fileEncoding = 4; lastKnownFileType = sourcecode.c.objc; path = SDWebImageDecoder.m; sourceTree = "<group>"; };
		4F20D34E1A23354E00A1CAC5 /* SDWebImageDownloader.h */ = {isa = PBXFileReference; fileEncoding = 4; lastKnownFileType = sourcecode.c.h; path = SDWebImageDownloader.h; sourceTree = "<group>"; };
		4F20D34F1A23354E00A1CAC5 /* SDWebImageDownloader.m */ = {isa = PBXFileReference; fileEncoding = 4; lastKnownFileType = sourcecode.c.objc; path = SDWebImageDownloader.m; sourceTree = "<group>"; };
		4F20D3501A23354E00A1CAC5 /* SDWebImageDownloaderOperation.h */ = {isa = PBXFileReference; fileEncoding = 4; lastKnownFileType = sourcecode.c.h; path = SDWebImageDownloaderOperation.h; sourceTree = "<group>"; };
		4F20D3511A23354E00A1CAC5 /* SDWebImageDownloaderOperation.m */ = {isa = PBXFileReference; fileEncoding = 4; lastKnownFileType = sourcecode.c.objc; path = SDWebImageDownloaderOperation.m; sourceTree = "<group>"; };
		4F20D3521A23354E00A1CAC5 /* SDWebImageManager.h */ = {isa = PBXFileReference; fileEncoding = 4; lastKnownFileType = sourcecode.c.h; path = SDWebImageManager.h; sourceTree = "<group>"; };
		4F20D3531A23354E00A1CAC5 /* SDWebImageManager.m */ = {isa = PBXFileReference; fileEncoding = 4; lastKnownFileType = sourcecode.c.objc; path = SDWebImageManager.m; sourceTree = "<group>"; };
		4F20D3541A23354E00A1CAC5 /* SDWebImageOperation.h */ = {isa = PBXFileReference; fileEncoding = 4; lastKnownFileType = sourcecode.c.h; path = SDWebImageOperation.h; sourceTree = "<group>"; };
		4F20D3551A23354E00A1CAC5 /* SDWebImagePrefetcher.h */ = {isa = PBXFileReference; fileEncoding = 4; lastKnownFileType = sourcecode.c.h; path = SDWebImagePrefetcher.h; sourceTree = "<group>"; };
		4F20D3561A23354E00A1CAC5 /* SDWebImagePrefetcher.m */ = {isa = PBXFileReference; fileEncoding = 4; lastKnownFileType = sourcecode.c.objc; path = SDWebImagePrefetcher.m; sourceTree = "<group>"; };
		4F20D3571A23354E00A1CAC5 /* UIButton+WebCache.h */ = {isa = PBXFileReference; fileEncoding = 4; lastKnownFileType = sourcecode.c.h; path = "UIButton+WebCache.h"; sourceTree = "<group>"; };
		4F20D3581A23354E00A1CAC5 /* UIButton+WebCache.m */ = {isa = PBXFileReference; fileEncoding = 4; lastKnownFileType = sourcecode.c.objc; path = "UIButton+WebCache.m"; sourceTree = "<group>"; };
		4F20D3591A23354E00A1CAC5 /* UIImage+GIF.h */ = {isa = PBXFileReference; fileEncoding = 4; lastKnownFileType = sourcecode.c.h; path = "UIImage+GIF.h"; sourceTree = "<group>"; };
		4F20D35A1A23354E00A1CAC5 /* UIImage+GIF.m */ = {isa = PBXFileReference; fileEncoding = 4; lastKnownFileType = sourcecode.c.objc; path = "UIImage+GIF.m"; sourceTree = "<group>"; };
		4F20D35B1A23354E00A1CAC5 /* UIImage+MultiFormat.h */ = {isa = PBXFileReference; fileEncoding = 4; lastKnownFileType = sourcecode.c.h; path = "UIImage+MultiFormat.h"; sourceTree = "<group>"; };
		4F20D35C1A23354E00A1CAC5 /* UIImage+MultiFormat.m */ = {isa = PBXFileReference; fileEncoding = 4; lastKnownFileType = sourcecode.c.objc; path = "UIImage+MultiFormat.m"; sourceTree = "<group>"; };
		4F20D35D1A23354E00A1CAC5 /* UIImage+WebP.h */ = {isa = PBXFileReference; fileEncoding = 4; lastKnownFileType = sourcecode.c.h; path = "UIImage+WebP.h"; sourceTree = "<group>"; };
		4F20D35E1A23354E00A1CAC5 /* UIImage+WebP.m */ = {isa = PBXFileReference; fileEncoding = 4; lastKnownFileType = sourcecode.c.objc; path = "UIImage+WebP.m"; sourceTree = "<group>"; };
		4F20D35F1A23354E00A1CAC5 /* UIImageView+HighlightedWebCache.h */ = {isa = PBXFileReference; fileEncoding = 4; lastKnownFileType = sourcecode.c.h; path = "UIImageView+HighlightedWebCache.h"; sourceTree = "<group>"; };
		4F20D3601A23354E00A1CAC5 /* UIImageView+HighlightedWebCache.m */ = {isa = PBXFileReference; fileEncoding = 4; lastKnownFileType = sourcecode.c.objc; path = "UIImageView+HighlightedWebCache.m"; sourceTree = "<group>"; };
		4F20D3611A23354E00A1CAC5 /* UIImageView+WebCache.h */ = {isa = PBXFileReference; fileEncoding = 4; lastKnownFileType = sourcecode.c.h; path = "UIImageView+WebCache.h"; sourceTree = "<group>"; };
		4F20D3621A23354E00A1CAC5 /* UIImageView+WebCache.m */ = {isa = PBXFileReference; fileEncoding = 4; lastKnownFileType = sourcecode.c.objc; path = "UIImageView+WebCache.m"; sourceTree = "<group>"; };
		4F20D3631A23354E00A1CAC5 /* UIView+WebCacheOperation.h */ = {isa = PBXFileReference; fileEncoding = 4; lastKnownFileType = sourcecode.c.h; path = "UIView+WebCacheOperation.h"; sourceTree = "<group>"; };
		4F20D3641A23354E00A1CAC5 /* UIView+WebCacheOperation.m */ = {isa = PBXFileReference; fileEncoding = 4; lastKnownFileType = sourcecode.c.objc; path = "UIView+WebCacheOperation.m"; sourceTree = "<group>"; };
		4F20D3761A23412400A1CAC5 /* MGSwipeButton.h */ = {isa = PBXFileReference; fileEncoding = 4; lastKnownFileType = sourcecode.c.h; path = MGSwipeButton.h; sourceTree = "<group>"; };
		4F20D3771A23412400A1CAC5 /* MGSwipeButton.m */ = {isa = PBXFileReference; fileEncoding = 4; lastKnownFileType = sourcecode.c.objc; path = MGSwipeButton.m; sourceTree = "<group>"; };
		4F20D3781A23412400A1CAC5 /* MGSwipeTableCell.h */ = {isa = PBXFileReference; fileEncoding = 4; lastKnownFileType = sourcecode.c.h; path = MGSwipeTableCell.h; sourceTree = "<group>"; };
		4F20D3791A23412400A1CAC5 /* MGSwipeTableCell.m */ = {isa = PBXFileReference; fileEncoding = 4; lastKnownFileType = sourcecode.c.objc; path = MGSwipeTableCell.m; sourceTree = "<group>"; };
		4F20D37C1A23477600A1CAC5 /* HikeTableViewCell.swift */ = {isa = PBXFileReference; fileEncoding = 4; lastKnownFileType = sourcecode.swift; path = HikeTableViewCell.swift; sourceTree = "<group>"; };
		4F20D37D1A23477600A1CAC5 /* HikeTableViewCell.xib */ = {isa = PBXFileReference; fileEncoding = 4; lastKnownFileType = file.xib; path = HikeTableViewCell.xib; sourceTree = "<group>"; };
		4F20D3801A235B9500A1CAC5 /* OCRAStd.otf */ = {isa = PBXFileReference; lastKnownFileType = file; path = OCRAStd.otf; sourceTree = "<group>"; };
		4F2773741A08E5BA0012B779 /* AddCarTableViewController.swift */ = {isa = PBXFileReference; fileEncoding = 4; lastKnownFileType = sourcecode.swift; path = AddCarTableViewController.swift; sourceTree = "<group>"; };
		4F412D4A1A24B89700019241 /* JCNotificationBanner.h */ = {isa = PBXFileReference; fileEncoding = 4; lastKnownFileType = sourcecode.c.h; path = JCNotificationBanner.h; sourceTree = "<group>"; };
		4F412D4B1A24B89700019241 /* JCNotificationBanner.m */ = {isa = PBXFileReference; fileEncoding = 4; lastKnownFileType = sourcecode.c.objc; path = JCNotificationBanner.m; sourceTree = "<group>"; };
		4F412D4C1A24B89700019241 /* JCNotificationBannerPresenter_Private.h */ = {isa = PBXFileReference; fileEncoding = 4; lastKnownFileType = sourcecode.c.h; path = JCNotificationBannerPresenter_Private.h; sourceTree = "<group>"; };
		4F412D4D1A24B89700019241 /* JCNotificationBannerPresenter.h */ = {isa = PBXFileReference; fileEncoding = 4; lastKnownFileType = sourcecode.c.h; path = JCNotificationBannerPresenter.h; sourceTree = "<group>"; };
		4F412D4E1A24B89700019241 /* JCNotificationBannerPresenter.m */ = {isa = PBXFileReference; fileEncoding = 4; lastKnownFileType = sourcecode.c.objc; path = JCNotificationBannerPresenter.m; sourceTree = "<group>"; };
		4F412D4F1A24B89700019241 /* JCNotificationBannerPresenterIOS7Style.h */ = {isa = PBXFileReference; fileEncoding = 4; lastKnownFileType = sourcecode.c.h; path = JCNotificationBannerPresenterIOS7Style.h; sourceTree = "<group>"; };
		4F412D501A24B89700019241 /* JCNotificationBannerPresenterIOS7Style.m */ = {isa = PBXFileReference; fileEncoding = 4; lastKnownFileType = sourcecode.c.objc; path = JCNotificationBannerPresenterIOS7Style.m; sourceTree = "<group>"; };
		4F412D511A24B89700019241 /* JCNotificationBannerPresenterIOSStyle.h */ = {isa = PBXFileReference; fileEncoding = 4; lastKnownFileType = sourcecode.c.h; path = JCNotificationBannerPresenterIOSStyle.h; sourceTree = "<group>"; };
		4F412D521A24B89700019241 /* JCNotificationBannerPresenterIOSStyle.m */ = {isa = PBXFileReference; fileEncoding = 4; lastKnownFileType = sourcecode.c.objc; path = JCNotificationBannerPresenterIOSStyle.m; sourceTree = "<group>"; };
		4F412D531A24B89700019241 /* JCNotificationBannerPresenterSmokeStyle.h */ = {isa = PBXFileReference; fileEncoding = 4; lastKnownFileType = sourcecode.c.h; path = JCNotificationBannerPresenterSmokeStyle.h; sourceTree = "<group>"; };
		4F412D541A24B89700019241 /* JCNotificationBannerPresenterSmokeStyle.m */ = {isa = PBXFileReference; fileEncoding = 4; lastKnownFileType = sourcecode.c.objc; path = JCNotificationBannerPresenterSmokeStyle.m; sourceTree = "<group>"; };
		4F412D551A24B89700019241 /* JCNotificationBannerView.h */ = {isa = PBXFileReference; fileEncoding = 4; lastKnownFileType = sourcecode.c.h; path = JCNotificationBannerView.h; sourceTree = "<group>"; };
		4F412D561A24B89700019241 /* JCNotificationBannerView.m */ = {isa = PBXFileReference; fileEncoding = 4; lastKnownFileType = sourcecode.c.objc; path = JCNotificationBannerView.m; sourceTree = "<group>"; };
		4F412D571A24B89700019241 /* JCNotificationBannerViewController.h */ = {isa = PBXFileReference; fileEncoding = 4; lastKnownFileType = sourcecode.c.h; path = JCNotificationBannerViewController.h; sourceTree = "<group>"; };
		4F412D581A24B89700019241 /* JCNotificationBannerViewController.m */ = {isa = PBXFileReference; fileEncoding = 4; lastKnownFileType = sourcecode.c.objc; path = JCNotificationBannerViewController.m; sourceTree = "<group>"; };
		4F412D591A24B89700019241 /* JCNotificationBannerViewIOS7Style.h */ = {isa = PBXFileReference; fileEncoding = 4; lastKnownFileType = sourcecode.c.h; path = JCNotificationBannerViewIOS7Style.h; sourceTree = "<group>"; };
		4F412D5A1A24B89700019241 /* JCNotificationBannerViewIOS7Style.m */ = {isa = PBXFileReference; fileEncoding = 4; lastKnownFileType = sourcecode.c.objc; path = JCNotificationBannerViewIOS7Style.m; sourceTree = "<group>"; };
		4F412D5B1A24B89700019241 /* JCNotificationBannerViewIOSStyle.h */ = {isa = PBXFileReference; fileEncoding = 4; lastKnownFileType = sourcecode.c.h; path = JCNotificationBannerViewIOSStyle.h; sourceTree = "<group>"; };
		4F412D5C1A24B89700019241 /* JCNotificationBannerViewIOSStyle.m */ = {isa = PBXFileReference; fileEncoding = 4; lastKnownFileType = sourcecode.c.objc; path = JCNotificationBannerViewIOSStyle.m; sourceTree = "<group>"; };
		4F412D5D1A24B89700019241 /* JCNotificationBannerWindow.h */ = {isa = PBXFileReference; fileEncoding = 4; lastKnownFileType = sourcecode.c.h; path = JCNotificationBannerWindow.h; sourceTree = "<group>"; };
		4F412D5E1A24B89700019241 /* JCNotificationBannerWindow.m */ = {isa = PBXFileReference; fileEncoding = 4; lastKnownFileType = sourcecode.c.objc; path = JCNotificationBannerWindow.m; sourceTree = "<group>"; };
		4F412D5F1A24B89700019241 /* JCNotificationCenter.h */ = {isa = PBXFileReference; fileEncoding = 4; lastKnownFileType = sourcecode.c.h; path = JCNotificationCenter.h; sourceTree = "<group>"; };
		4F412D601A24B89700019241 /* JCNotificationCenter.m */ = {isa = PBXFileReference; fileEncoding = 4; lastKnownFileType = sourcecode.c.objc; path = JCNotificationCenter.m; sourceTree = "<group>"; };
		4F412D6C1A24C72C00019241 /* AcceptJourneyRequestTableViewCell.swift */ = {isa = PBXFileReference; fileEncoding = 4; lastKnownFileType = sourcecode.swift; path = AcceptJourneyRequestTableViewCell.swift; sourceTree = "<group>"; };
		4F412D6D1A24C72C00019241 /* AcceptJourneyRequestTableViewCell.xib */ = {isa = PBXFileReference; fileEncoding = 4; lastKnownFileType = file.xib; path = AcceptJourneyRequestTableViewCell.xib; sourceTree = "<group>"; };
		4F412DA21A25266200019241 /* CarViewController.swift */ = {isa = PBXFileReference; fileEncoding = 4; lastKnownFileType = sourcecode.swift; path = CarViewController.swift; sourceTree = "<group>"; };
		4F412DA31A25266200019241 /* CarViewController.xib */ = {isa = PBXFileReference; fileEncoding = 4; lastKnownFileType = file.xib; path = CarViewController.xib; sourceTree = "<group>"; };
		4F412DA61A254E2800019241 /* ImageTableViewCell.swift */ = {isa = PBXFileReference; fileEncoding = 4; lastKnownFileType = sourcecode.swift; path = ImageTableViewCell.swift; sourceTree = "<group>"; };
		4F412DA71A254E2800019241 /* ImageTableViewCell.xib */ = {isa = PBXFileReference; fileEncoding = 4; lastKnownFileType = file.xib; path = ImageTableViewCell.xib; sourceTree = "<group>"; };
		4F412DAA1A2550A000019241 /* FSTextViewTableViewCell.swift */ = {isa = PBXFileReference; fileEncoding = 4; lastKnownFileType = sourcecode.swift; path = FSTextViewTableViewCell.swift; sourceTree = "<group>"; };
		4F412DAB1A2550A000019241 /* FSTextViewTableViewCell.xib */ = {isa = PBXFileReference; fileEncoding = 4; lastKnownFileType = file.xib; path = FSTextViewTableViewCell.xib; sourceTree = "<group>"; };
		4F4E363C1A13622100934D6B /* SharedStorage.swift */ = {isa = PBXFileReference; fileEncoding = 4; lastKnownFileType = sourcecode.swift; path = SharedStorage.swift; sourceTree = "<group>"; };
		4F4FFD681A1F5F80004EE524 /* ChatLabel.swift */ = {isa = PBXFileReference; fileEncoding = 4; lastKnownFileType = sourcecode.swift; path = ChatLabel.swift; sourceTree = "<group>"; };
		4F4FFDB21A1FBC31004EE524 /* ImageIO.framework */ = {isa = PBXFileReference; lastKnownFileType = wrapper.framework; name = ImageIO.framework; path = System/Library/Frameworks/ImageIO.framework; sourceTree = SDKROOT; };
		4F4FFDB81A1FC3AD004EE524 /* FSProfileTableViewCell.swift */ = {isa = PBXFileReference; fileEncoding = 4; lastKnownFileType = sourcecode.swift; path = FSProfileTableViewCell.swift; sourceTree = "<group>"; };
		4F4FFDB91A1FC3AD004EE524 /* FSProfileTableViewCell.xib */ = {isa = PBXFileReference; fileEncoding = 4; lastKnownFileType = file.xib; path = FSProfileTableViewCell.xib; sourceTree = "<group>"; };
		4F525F361A05958B00EDD696 /* Journey.swift */ = {isa = PBXFileReference; fileEncoding = 4; lastKnownFileType = sourcecode.swift; path = Journey.swift; sourceTree = "<group>"; };
		4F525F381A05A10800EDD696 /* NearbyJourneysTableViewController.swift */ = {isa = PBXFileReference; fileEncoding = 4; lastKnownFileType = sourcecode.swift; path = NearbyJourneysTableViewController.swift; sourceTree = "<group>"; };
		4F525F3A1A05A26C00EDD696 /* AddJourneyTableViewController.swift */ = {isa = PBXFileReference; fileEncoding = 4; lastKnownFileType = sourcecode.swift; path = AddJourneyTableViewController.swift; sourceTree = "<group>"; };
		4F525F3C1A06A46500EDD696 /* CarsTableViewController.swift */ = {isa = PBXFileReference; fileEncoding = 4; lastKnownFileType = sourcecode.swift; path = CarsTableViewController.swift; sourceTree = "<group>"; };
		4F8856AB1A1118240039EA6E /* SwitchTableViewCell.swift */ = {isa = PBXFileReference; fileEncoding = 4; lastKnownFileType = sourcecode.swift; path = SwitchTableViewCell.swift; sourceTree = "<group>"; };
		4F8856AC1A1118240039EA6E /* SwitchTableViewCell.xib */ = {isa = PBXFileReference; fileEncoding = 4; lastKnownFileType = file.xib; path = SwitchTableViewCell.xib; sourceTree = "<group>"; };
		4F8B23ED1A288DCD0095EC1B /* PassengersTableViewController.swift */ = {isa = PBXFileReference; fileEncoding = 4; lastKnownFileType = sourcecode.swift; path = PassengersTableViewController.swift; sourceTree = "<group>"; };
		4F8B23EF1A288EBC0095EC1B /* JourneyPassenger.swift */ = {isa = PBXFileReference; fileEncoding = 4; lastKnownFileType = sourcecode.swift; path = JourneyPassenger.swift; sourceTree = "<group>"; };
		4F95342619FFEFDF0058210D /* UserTableViewController.swift */ = {isa = PBXFileReference; fileEncoding = 4; lastKnownFileType = sourcecode.swift; name = UserTableViewController.swift; path = FareShout/UserTableViewController.swift; sourceTree = "<group>"; };
		4FA9F15919FED9B7009D0F33 /* User.swift */ = {isa = PBXFileReference; fileEncoding = 4; lastKnownFileType = sourcecode.swift; path = User.swift; sourceTree = "<group>"; };
		4FA9F16019FFD3CA009D0F33 /* PageRootViewController.swift */ = {isa = PBXFileReference; fileEncoding = 4; lastKnownFileType = sourcecode.swift; name = PageRootViewController.swift; path = FareShout/PageRootViewController.swift; sourceTree = "<group>"; };
		4FC1E5E019FEB518002F743B /* FareShout.app */ = {isa = PBXFileReference; explicitFileType = wrapper.application; includeInIndex = 0; path = FareShout.app; sourceTree = BUILT_PRODUCTS_DIR; };
		4FC1E5E419FEB518002F743B /* Info.plist */ = {isa = PBXFileReference; lastKnownFileType = text.plist.xml; path = Info.plist; sourceTree = "<group>"; };
		4FC1E5E519FEB518002F743B /* AppDelegate.swift */ = {isa = PBXFileReference; lastKnownFileType = sourcecode.swift; path = AppDelegate.swift; sourceTree = "<group>"; };
		4FC1E5EA19FEB518002F743B /* Base */ = {isa = PBXFileReference; lastKnownFileType = file.storyboard; name = Base; path = Base.lproj/Main.storyboard; sourceTree = "<group>"; };
		4FC1E5EC19FEB518002F743B /* Images.xcassets */ = {isa = PBXFileReference; lastKnownFileType = folder.assetcatalog; path = Images.xcassets; sourceTree = "<group>"; };
		4FC1E5EF19FEB518002F743B /* Base */ = {isa = PBXFileReference; lastKnownFileType = file.xib; name = Base; path = Base.lproj/LaunchScreen.xib; sourceTree = "<group>"; };
		4FC1E5FA19FEB518002F743B /* Info.plist */ = {isa = PBXFileReference; lastKnownFileType = text.plist.xml; path = Info.plist; sourceTree = "<group>"; };
		4FC1E5FB19FEB518002F743B /* FareShoutTests.swift */ = {isa = PBXFileReference; lastKnownFileType = sourcecode.swift; path = FareShoutTests.swift; sourceTree = "<group>"; };
		4FC1E60719FEB751002F743B /* LoginViewController.swift */ = {isa = PBXFileReference; fileEncoding = 4; lastKnownFileType = sourcecode.swift; name = LoginViewController.swift; path = FareShout/LoginViewController.swift; sourceTree = "<group>"; };
		4FC1E60919FEB839002F743B /* Social.framework */ = {isa = PBXFileReference; lastKnownFileType = wrapper.framework; name = Social.framework; path = System/Library/Frameworks/Social.framework; sourceTree = SDKROOT; };
		4FC1E60B19FEB866002F743B /* Accounts.framework */ = {isa = PBXFileReference; lastKnownFileType = wrapper.framework; name = Accounts.framework; path = System/Library/Frameworks/Accounts.framework; sourceTree = SDKROOT; };
		4FC1E60D19FEB890002F743B /* FareShout-Bridging-Header.h */ = {isa = PBXFileReference; lastKnownFileType = sourcecode.c.h; path = "FareShout-Bridging-Header.h"; sourceTree = "<group>"; };
		4FC1E60E19FEB891002F743B /* FacebookCtrl.h */ = {isa = PBXFileReference; fileEncoding = 4; lastKnownFileType = sourcecode.c.h; path = FacebookCtrl.h; sourceTree = "<group>"; };
		4FC1E60F19FEB891002F743B /* FacebookCtrl.m */ = {isa = PBXFileReference; fileEncoding = 4; lastKnownFileType = sourcecode.c.objc; path = FacebookCtrl.m; sourceTree = "<group>"; };
		4FD346DE1A127A76006026DD /* StepperTableViewCell.swift */ = {isa = PBXFileReference; fileEncoding = 4; lastKnownFileType = sourcecode.swift; path = StepperTableViewCell.swift; sourceTree = "<group>"; };
		4FD346DF1A127A76006026DD /* StepperTableViewCell.xib */ = {isa = PBXFileReference; fileEncoding = 4; lastKnownFileType = file.xib; path = StepperTableViewCell.xib; sourceTree = "<group>"; };
		4FD346E21A127CB3006026DD /* PriceTableViewCell.swift */ = {isa = PBXFileReference; fileEncoding = 4; lastKnownFileType = sourcecode.swift; path = PriceTableViewCell.swift; sourceTree = "<group>"; };
		4FD346E31A127CB3006026DD /* PriceTableViewCell.xib */ = {isa = PBXFileReference; fileEncoding = 4; lastKnownFileType = file.xib; path = PriceTableViewCell.xib; sourceTree = "<group>"; };
		4FD346E61A12831B006026DD /* StartEndTableViewCell.swift */ = {isa = PBXFileReference; fileEncoding = 4; lastKnownFileType = sourcecode.swift; path = StartEndTableViewCell.swift; sourceTree = "<group>"; };
		4FD346E71A12831B006026DD /* StartEndTableViewCell.xib */ = {isa = PBXFileReference; fileEncoding = 4; lastKnownFileType = file.xib; path = StartEndTableViewCell.xib; sourceTree = "<group>"; };
		4FD3C9CF1A23FB10003058F6 /* JourneyRequestTableViewCell.swift */ = {isa = PBXFileReference; fileEncoding = 4; lastKnownFileType = sourcecode.swift; path = JourneyRequestTableViewCell.swift; sourceTree = "<group>"; };
		4FD3C9D01A23FB10003058F6 /* JourneyRequestTableViewCell.xib */ = {isa = PBXFileReference; fileEncoding = 4; lastKnownFileType = file.xib; path = JourneyRequestTableViewCell.xib; sourceTree = "<group>"; };
		4FD6D2911A0551F600199082 /* Car.swift */ = {isa = PBXFileReference; fileEncoding = 4; lastKnownFileType = sourcecode.swift; path = Car.swift; sourceTree = "<group>"; };
		4FD6D2951A05560B00199082 /* Network.swift */ = {isa = PBXFileReference; fileEncoding = 4; lastKnownFileType = sourcecode.swift; path = Network.swift; sourceTree = "<group>"; };
		4FD6D2981A05564500199082 /* CarTest.swift */ = {isa = PBXFileReference; fileEncoding = 4; lastKnownFileType = sourcecode.swift; path = CarTest.swift; sourceTree = "<group>"; };
		4FEA2EA61A29F504008C1CE7 /* LocationFinderTableViewController.swift */ = {isa = PBXFileReference; fileEncoding = 4; lastKnownFileType = sourcecode.swift; path = LocationFinderTableViewController.swift; sourceTree = "<group>"; };
		4FEA2EA81A29FB00008C1CE7 /* MapKit.framework */ = {isa = PBXFileReference; lastKnownFileType = wrapper.framework; name = MapKit.framework; path = System/Library/Frameworks/MapKit.framework; sourceTree = SDKROOT; };
		4FEA2EAA1A2A01AC008C1CE7 /* FSFullTextFieldTableViewCell.swift */ = {isa = PBXFileReference; fileEncoding = 4; lastKnownFileType = sourcecode.swift; path = FSFullTextFieldTableViewCell.swift; sourceTree = "<group>"; };
		4FEA2EAB1A2A01AC008C1CE7 /* FSFullTextFieldTableViewCell.xib */ = {isa = PBXFileReference; fileEncoding = 4; lastKnownFileType = file.xib; path = FSFullTextFieldTableViewCell.xib; sourceTree = "<group>"; };
		4FEA2EAE1A2AD525008C1CE7 /* ReviewViewController.swift */ = {isa = PBXFileReference; fileEncoding = 4; lastKnownFileType = sourcecode.swift; path = ReviewViewController.swift; sourceTree = "<group>"; };
		4FEA2EAF1A2AD525008C1CE7 /* ReviewViewController.xib */ = {isa = PBXFileReference; fileEncoding = 4; lastKnownFileType = file.xib; path = ReviewViewController.xib; sourceTree = "<group>"; };
		4FF31FF41A1F4EC9005805D7 /* RightChatTableViewCell.swift */ = {isa = PBXFileReference; fileEncoding = 4; lastKnownFileType = sourcecode.swift; path = RightChatTableViewCell.swift; sourceTree = "<group>"; };
		4FF31FF51A1F4EC9005805D7 /* RightChatTableViewCell.xib */ = {isa = PBXFileReference; fileEncoding = 4; lastKnownFileType = file.xib; path = RightChatTableViewCell.xib; sourceTree = "<group>"; };
		4FF31FF81A1F57AD005805D7 /* LeftChatTableViewCell.swift */ = {isa = PBXFileReference; fileEncoding = 4; lastKnownFileType = sourcecode.swift; path = LeftChatTableViewCell.swift; sourceTree = "<group>"; };
		4FF31FF91A1F57AD005805D7 /* LeftChatTableViewCell.xib */ = {isa = PBXFileReference; fileEncoding = 4; lastKnownFileType = file.xib; path = LeftChatTableViewCell.xib; sourceTree = "<group>"; };
		DB2237781A2B242200BCE0F2 /* SettingTableViewCell.swift */ = {isa = PBXFileReference; fileEncoding = 4; lastKnownFileType = sourcecode.swift; path = SettingTableViewCell.swift; sourceTree = "<group>"; };
		DB2237791A2B242200BCE0F2 /* SettingTableViewCell.xib */ = {isa = PBXFileReference; fileEncoding = 4; lastKnownFileType = file.xib; path = SettingTableViewCell.xib; sourceTree = "<group>"; };
		DB22377C1A2B2F0300BCE0F2 /* SettingTableViewController.swift */ = {isa = PBXFileReference; fileEncoding = 4; lastKnownFileType = sourcecode.swift; path = SettingTableViewController.swift; sourceTree = "<group>"; };
		DB57FE541A26F2C100D99648 /* Common.xcassets */ = {isa = PBXFileReference; lastKnownFileType = folder.assetcatalog; path = Common.xcassets; sourceTree = "<group>"; };
/* End PBXFileReference section */

/* Begin PBXFrameworksBuildPhase section */
		4FC1E5DD19FEB518002F743B /* Frameworks */ = {
			isa = PBXFrameworksBuildPhase;
			buildActionMask = 2147483647;
			files = (
				4FEA2EA91A29FB00008C1CE7 /* MapKit.framework in Frameworks */,
				4F4FFDB31A1FBC31004EE524 /* ImageIO.framework in Frameworks */,
				4F1AD1791A14F6A70047BEE8 /* QuartzCore.framework in Frameworks */,
				4FC1E60C19FEB866002F743B /* Accounts.framework in Frameworks */,
				4FC1E60A19FEB839002F743B /* Social.framework in Frameworks */,
			);
			runOnlyForDeploymentPostprocessing = 0;
		};
/* End PBXFrameworksBuildPhase section */

/* Begin PBXGroup section */
		4F1AD1731A14F62D0047BEE8 /* Deps */ = {
			isa = PBXGroup;
			children = (
				4FEA2EA81A29FB00008C1CE7 /* MapKit.framework */,
				4F412D491A24B88700019241 /* JCNotificationBanner */,
				4F20D3801A235B9500A1CAC5 /* OCRAStd.otf */,
				4F20D3751A23412400A1CAC5 /* MGSwipeTableViewCell */,
				4F20D3431A23354E00A1CAC5 /* SDWebImage */,
				4F4FFDB21A1FBC31004EE524 /* ImageIO.framework */,
				4F1AD1781A14F6A70047BEE8 /* QuartzCore.framework */,
				4FC1E60B19FEB866002F743B /* Accounts.framework */,
				4FC1E60919FEB839002F743B /* Social.framework */,
				4F1AD1741A14F6320047BEE8 /* SVProgressHUD */,
				4F1AD1901A155C2B0047BEE8 /* FontAwesome */,
			);
			name = Deps;
			sourceTree = "<group>";
		};
		4F1AD1741A14F6320047BEE8 /* SVProgressHUD */ = {
			isa = PBXGroup;
			children = (
				4F1AD1751A14F6640047BEE8 /* SVProgressHUD.h */,
				4F1AD1761A14F6640047BEE8 /* SVProgressHUD.m */,
			);
			name = SVProgressHUD;
			sourceTree = "<group>";
		};
		4F1AD1901A155C2B0047BEE8 /* FontAwesome */ = {
			isa = PBXGroup;
			children = (
				4F1AD1921A155C460047BEE8 /* FAImageView.h */,
				4F1AD1931A155C460047BEE8 /* FAImageView.m */,
				4F1AD1941A155C460047BEE8 /* NSString+FontAwesome.h */,
				4F1AD1951A155C460047BEE8 /* NSString+FontAwesome.m */,
				4F1AD1961A155C460047BEE8 /* README.md */,
				4F1AD1971A155C460047BEE8 /* Resources */,
				4F1AD1991A155C460047BEE8 /* UIFont+FontAwesome.h */,
				4F1AD19A1A155C460047BEE8 /* UIFont+FontAwesome.m */,
			);
			name = FontAwesome;
			sourceTree = "<group>";
		};
		4F1AD1971A155C460047BEE8 /* Resources */ = {
			isa = PBXGroup;
			children = (
				4F1AD1981A155C460047BEE8 /* FontAwesome.ttf */,
			);
			name = Resources;
			path = "ios-fontawesome/Resources";
			sourceTree = "<group>";
		};
		4F1AD1A61A15625F0047BEE8 /* Cars */ = {
			isa = PBXGroup;
			children = (
				4F525F3C1A06A46500EDD696 /* CarsTableViewController.swift */,
				4F2773741A08E5BA0012B779 /* AddCarTableViewController.swift */,
				4F412DA21A25266200019241 /* CarViewController.swift */,
				4F412DA31A25266200019241 /* CarViewController.xib */,
			);
			name = Cars;
			sourceTree = "<group>";
		};
		4F20D3431A23354E00A1CAC5 /* SDWebImage */ = {
			isa = PBXGroup;
			children = (
				4F20D3441A23354E00A1CAC5 /* MKAnnotationView+WebCache.h */,
				4F20D3451A23354E00A1CAC5 /* MKAnnotationView+WebCache.m */,
				4F20D3461A23354E00A1CAC5 /* NSData+ImageContentType.h */,
				4F20D3471A23354E00A1CAC5 /* NSData+ImageContentType.m */,
				4F20D3481A23354E00A1CAC5 /* SDImageCache.h */,
				4F20D3491A23354E00A1CAC5 /* SDImageCache.m */,
				4F20D34A1A23354E00A1CAC5 /* SDWebImageCompat.h */,
				4F20D34B1A23354E00A1CAC5 /* SDWebImageCompat.m */,
				4F20D34C1A23354E00A1CAC5 /* SDWebImageDecoder.h */,
				4F20D34D1A23354E00A1CAC5 /* SDWebImageDecoder.m */,
				4F20D34E1A23354E00A1CAC5 /* SDWebImageDownloader.h */,
				4F20D34F1A23354E00A1CAC5 /* SDWebImageDownloader.m */,
				4F20D3501A23354E00A1CAC5 /* SDWebImageDownloaderOperation.h */,
				4F20D3511A23354E00A1CAC5 /* SDWebImageDownloaderOperation.m */,
				4F20D3521A23354E00A1CAC5 /* SDWebImageManager.h */,
				4F20D3531A23354E00A1CAC5 /* SDWebImageManager.m */,
				4F20D3541A23354E00A1CAC5 /* SDWebImageOperation.h */,
				4F20D3551A23354E00A1CAC5 /* SDWebImagePrefetcher.h */,
				4F20D3561A23354E00A1CAC5 /* SDWebImagePrefetcher.m */,
				4F20D3571A23354E00A1CAC5 /* UIButton+WebCache.h */,
				4F20D3581A23354E00A1CAC5 /* UIButton+WebCache.m */,
				4F20D3591A23354E00A1CAC5 /* UIImage+GIF.h */,
				4F20D35A1A23354E00A1CAC5 /* UIImage+GIF.m */,
				4F20D35B1A23354E00A1CAC5 /* UIImage+MultiFormat.h */,
				4F20D35C1A23354E00A1CAC5 /* UIImage+MultiFormat.m */,
				4F20D35D1A23354E00A1CAC5 /* UIImage+WebP.h */,
				4F20D35E1A23354E00A1CAC5 /* UIImage+WebP.m */,
				4F20D35F1A23354E00A1CAC5 /* UIImageView+HighlightedWebCache.h */,
				4F20D3601A23354E00A1CAC5 /* UIImageView+HighlightedWebCache.m */,
				4F20D3611A23354E00A1CAC5 /* UIImageView+WebCache.h */,
				4F20D3621A23354E00A1CAC5 /* UIImageView+WebCache.m */,
				4F20D3631A23354E00A1CAC5 /* UIView+WebCacheOperation.h */,
				4F20D3641A23354E00A1CAC5 /* UIView+WebCacheOperation.m */,
			);
			path = SDWebImage;
			sourceTree = "<group>";
		};
		4F20D3751A23412400A1CAC5 /* MGSwipeTableViewCell */ = {
			isa = PBXGroup;
			children = (
				4F20D3761A23412400A1CAC5 /* MGSwipeButton.h */,
				4F20D3771A23412400A1CAC5 /* MGSwipeButton.m */,
				4F20D3781A23412400A1CAC5 /* MGSwipeTableCell.h */,
				4F20D3791A23412400A1CAC5 /* MGSwipeTableCell.m */,
			);
			path = MGSwipeTableViewCell;
			sourceTree = "<group>";
		};
		4F412D491A24B88700019241 /* JCNotificationBanner */ = {
			isa = PBXGroup;
			children = (
				4F412D4A1A24B89700019241 /* JCNotificationBanner.h */,
				4F412D4B1A24B89700019241 /* JCNotificationBanner.m */,
				4F412D4C1A24B89700019241 /* JCNotificationBannerPresenter_Private.h */,
				4F412D4D1A24B89700019241 /* JCNotificationBannerPresenter.h */,
				4F412D4E1A24B89700019241 /* JCNotificationBannerPresenter.m */,
				4F412D4F1A24B89700019241 /* JCNotificationBannerPresenterIOS7Style.h */,
				4F412D501A24B89700019241 /* JCNotificationBannerPresenterIOS7Style.m */,
				4F412D511A24B89700019241 /* JCNotificationBannerPresenterIOSStyle.h */,
				4F412D521A24B89700019241 /* JCNotificationBannerPresenterIOSStyle.m */,
				4F412D531A24B89700019241 /* JCNotificationBannerPresenterSmokeStyle.h */,
				4F412D541A24B89700019241 /* JCNotificationBannerPresenterSmokeStyle.m */,
				4F412D551A24B89700019241 /* JCNotificationBannerView.h */,
				4F412D561A24B89700019241 /* JCNotificationBannerView.m */,
				4F412D571A24B89700019241 /* JCNotificationBannerViewController.h */,
				4F412D581A24B89700019241 /* JCNotificationBannerViewController.m */,
				4F412D591A24B89700019241 /* JCNotificationBannerViewIOS7Style.h */,
				4F412D5A1A24B89700019241 /* JCNotificationBannerViewIOS7Style.m */,
				4F412D5B1A24B89700019241 /* JCNotificationBannerViewIOSStyle.h */,
				4F412D5C1A24B89700019241 /* JCNotificationBannerViewIOSStyle.m */,
				4F412D5D1A24B89700019241 /* JCNotificationBannerWindow.h */,
				4F412D5E1A24B89700019241 /* JCNotificationBannerWindow.m */,
				4F412D5F1A24B89700019241 /* JCNotificationCenter.h */,
				4F412D601A24B89700019241 /* JCNotificationCenter.m */,
			);
			name = JCNotificationBanner;
			sourceTree = "<group>";
		};
		4F95342819FFF6E70058210D /* Cells */ = {
			isa = PBXGroup;
			children = (
				4F4FFDB81A1FC3AD004EE524 /* FSProfileTableViewCell.swift */,
				4F4FFDB91A1FC3AD004EE524 /* FSProfileTableViewCell.xib */,
				4F1AD16F1A139B490047BEE8 /* FSTextFieldTableViewCell.swift */,
				4F1AD1701A139B490047BEE8 /* FSTextFieldTableViewCell.xib */,
				4FEA2EAA1A2A01AC008C1CE7 /* FSFullTextFieldTableViewCell.swift */,
				4FEA2EAB1A2A01AC008C1CE7 /* FSFullTextFieldTableViewCell.xib */,
				4F412DAA1A2550A000019241 /* FSTextViewTableViewCell.swift */,
				4F412DAB1A2550A000019241 /* FSTextViewTableViewCell.xib */,
				4F8856AB1A1118240039EA6E /* SwitchTableViewCell.swift */,
				4F8856AC1A1118240039EA6E /* SwitchTableViewCell.xib */,
				4FD346DE1A127A76006026DD /* StepperTableViewCell.swift */,
				4FD346DF1A127A76006026DD /* StepperTableViewCell.xib */,
				4FD346E21A127CB3006026DD /* PriceTableViewCell.swift */,
				4FD346E31A127CB3006026DD /* PriceTableViewCell.xib */,
				4FD346E61A12831B006026DD /* StartEndTableViewCell.swift */,
				4FD346E71A12831B006026DD /* StartEndTableViewCell.xib */,
				4F1AD17F1A153E620047BEE8 /* JourneyTableViewCell.swift */,
				4F1AD1801A153E620047BEE8 /* JourneyTableViewCell.xib */,
				4FF31FF41A1F4EC9005805D7 /* RightChatTableViewCell.swift */,
				4FF31FF51A1F4EC9005805D7 /* RightChatTableViewCell.xib */,
				4FF31FF81A1F57AD005805D7 /* LeftChatTableViewCell.swift */,
				4FF31FF91A1F57AD005805D7 /* LeftChatTableViewCell.xib */,
				4F4FFD681A1F5F80004EE524 /* ChatLabel.swift */,
				4F20D37C1A23477600A1CAC5 /* HikeTableViewCell.swift */,
				4F20D37D1A23477600A1CAC5 /* HikeTableViewCell.xib */,
				4FD3C9CF1A23FB10003058F6 /* JourneyRequestTableViewCell.swift */,
				4FD3C9D01A23FB10003058F6 /* JourneyRequestTableViewCell.xib */,
				4F412D6C1A24C72C00019241 /* AcceptJourneyRequestTableViewCell.swift */,
				4F412D6D1A24C72C00019241 /* AcceptJourneyRequestTableViewCell.xib */,
				4F412DA61A254E2800019241 /* ImageTableViewCell.swift */,
				4F412DA71A254E2800019241 /* ImageTableViewCell.xib */,
				DB2237781A2B242200BCE0F2 /* SettingTableViewCell.swift */,
				DB2237791A2B242200BCE0F2 /* SettingTableViewCell.xib */,
			);
			name = Cells;
			sourceTree = "<group>";
		};
		4FA9F15819FED8CA009D0F33 /* Models */ = {
			isa = PBXGroup;
			children = (
				4FA9F15919FED9B7009D0F33 /* User.swift */,
				4F4E363C1A13622100934D6B /* SharedStorage.swift */,
				4FD6D2911A0551F600199082 /* Car.swift */,
				4F525F361A05958B00EDD696 /* Journey.swift */,
				4F8B23EF1A288EBC0095EC1B /* JourneyPassenger.swift */,
				4F1A62551A1A90EE00826ECE /* Message.swift */,
			);
			name = Models;
			sourceTree = "<group>";
		};
		4FC1E5D719FEB518002F743B = {
			isa = PBXGroup;
			children = (
				DB57FE4A1A26E29200D99648 /* Resources */,
				4F1AD1731A14F62D0047BEE8 /* Deps */,
				4FA9F15819FED8CA009D0F33 /* Models */,
				4FC1E60519FEB6E8002F743B /* Scenes */,
				4F95342819FFF6E70058210D /* Cells */,
				4FC1E5E219FEB518002F743B /* FareShout */,
				4FC1E5F819FEB518002F743B /* FareShoutTests */,
				4FC1E5E119FEB518002F743B /* Products */,
			);
			sourceTree = "<group>";
		};
		4FC1E5E119FEB518002F743B /* Products */ = {
			isa = PBXGroup;
			children = (
				4FC1E5E019FEB518002F743B /* FareShout.app */,
			);
			name = Products;
			sourceTree = "<group>";
		};
		4FC1E5E219FEB518002F743B /* FareShout */ = {
			isa = PBXGroup;
			children = (
				4FC1E5E519FEB518002F743B /* AppDelegate.swift */,
				4FD6D2951A05560B00199082 /* Network.swift */,
				4FC1E5E919FEB518002F743B /* Main.storyboard */,
				4FC1E5EC19FEB518002F743B /* Images.xcassets */,
				4FC1E5EE19FEB518002F743B /* LaunchScreen.xib */,
				4FC1E5E319FEB518002F743B /* Supporting Files */,
				4FC1E60E19FEB891002F743B /* FacebookCtrl.h */,
				4FC1E60F19FEB891002F743B /* FacebookCtrl.m */,
				4FC1E60D19FEB890002F743B /* FareShout-Bridging-Header.h */,
			);
			path = FareShout;
			sourceTree = "<group>";
		};
		4FC1E5E319FEB518002F743B /* Supporting Files */ = {
			isa = PBXGroup;
			children = (
				4FC1E5E419FEB518002F743B /* Info.plist */,
			);
			name = "Supporting Files";
			sourceTree = "<group>";
		};
		4FC1E5F819FEB518002F743B /* FareShoutTests */ = {
			isa = PBXGroup;
			children = (
				4FC1E5FB19FEB518002F743B /* FareShoutTests.swift */,
				4FD6D2981A05564500199082 /* CarTest.swift */,
				4FC1E5F919FEB518002F743B /* Supporting Files */,
			);
			path = FareShoutTests;
			sourceTree = "<group>";
		};
		4FC1E5F919FEB518002F743B /* Supporting Files */ = {
			isa = PBXGroup;
			children = (
				4FC1E5FA19FEB518002F743B /* Info.plist */,
			);
			name = "Supporting Files";
			sourceTree = "<group>";
		};
		4FC1E60519FEB6E8002F743B /* Scenes */ = {
			isa = PBXGroup;
			children = (
				4FA9F16019FFD3CA009D0F33 /* PageRootViewController.swift */,
				4FC1E60619FEB71D002F743B /* Login */,
				4F95342619FFEFDF0058210D /* UserTableViewController.swift */,
				4F525F381A05A10800EDD696 /* NearbyJourneysTableViewController.swift */,
				4F1AD1A71A1562760047BEE8 /* HikesTableViewController.swift */,
				4F525F3A1A05A26C00EDD696 /* AddJourneyTableViewController.swift */,
				DB22377C1A2B2F0300BCE0F2 /* SettingTableViewController.swift */,
				4F1A62531A1A90B300826ECE /* MessagesTableViewController.swift */,
				4F8B23ED1A288DCD0095EC1B /* PassengersTableViewController.swift */,
				4FEA2EA61A29F504008C1CE7 /* LocationFinderTableViewController.swift */,
				4FEA2EAE1A2AD525008C1CE7 /* ReviewViewController.swift */,
				4FEA2EAF1A2AD525008C1CE7 /* ReviewViewController.xib */,
				4F1AD1A61A15625F0047BEE8 /* Cars */,
			);
			name = Scenes;
			sourceTree = "<group>";
		};
		4FC1E60619FEB71D002F743B /* Login */ = {
			isa = PBXGroup;
			children = (
				4FC1E60719FEB751002F743B /* LoginViewController.swift */,
			);
			name = Login;
			sourceTree = "<group>";
		};
		DB57FE4A1A26E29200D99648 /* Resources */ = {
			isa = PBXGroup;
			children = (
				DB57FE4B1A26E2E900D99648 /* Common */,
			);
			path = Resources;
			sourceTree = "<group>";
		};
		DB57FE4B1A26E2E900D99648 /* Common */ = {
			isa = PBXGroup;
			children = (
				DB57FE541A26F2C100D99648 /* Common.xcassets */,
			);
			path = Common;
			sourceTree = "<group>";
		};
/* End PBXGroup section */

/* Begin PBXNativeTarget section */
		4FC1E5DF19FEB518002F743B /* FareShout */ = {
			isa = PBXNativeTarget;
			buildConfigurationList = 4FC1E5FF19FEB518002F743B /* Build configuration list for PBXNativeTarget "FareShout" */;
			buildPhases = (
				4FC1E5DC19FEB518002F743B /* Sources */,
				4FC1E5DD19FEB518002F743B /* Frameworks */,
				4FC1E5DE19FEB518002F743B /* Resources */,
			);
			buildRules = (
			);
			dependencies = (
			);
			name = FareShout;
			productName = FareShout;
			productReference = 4FC1E5E019FEB518002F743B /* FareShout.app */;
			productType = "com.apple.product-type.application";
		};
/* End PBXNativeTarget section */

/* Begin PBXProject section */
		4FC1E5D819FEB518002F743B /* Project object */ = {
			isa = PBXProject;
			attributes = {
				LastUpgradeCheck = 0610;
				ORGANIZATIONNAME = "Matej Kramny";
				TargetAttributes = {
					4FC1E5DF19FEB518002F743B = {
						CreatedOnToolsVersion = 6.1;
						DevelopmentTeam = P6DBKK68A7;
					};
				};
			};
			buildConfigurationList = 4FC1E5DB19FEB518002F743B /* Build configuration list for PBXProject "FareShout" */;
			compatibilityVersion = "Xcode 3.2";
			developmentRegion = English;
			hasScannedForEncodings = 0;
			knownRegions = (
				en,
				Base,
			);
			mainGroup = 4FC1E5D719FEB518002F743B;
			productRefGroup = 4FC1E5E119FEB518002F743B /* Products */;
			projectDirPath = "";
			projectRoot = "";
			targets = (
				4FC1E5DF19FEB518002F743B /* FareShout */,
			);
		};
/* End PBXProject section */

/* Begin PBXResourcesBuildPhase section */
		4FC1E5DE19FEB518002F743B /* Resources */ = {
			isa = PBXResourcesBuildPhase;
			buildActionMask = 2147483647;
			files = (
				4FEA2EAD1A2A01AC008C1CE7 /* FSFullTextFieldTableViewCell.xib in Resources */,
				4FC1E5EB19FEB518002F743B /* Main.storyboard in Resources */,
				DB22377B1A2B242200BCE0F2 /* SettingTableViewCell.xib in Resources */,
				4FEA2EB11A2AD525008C1CE7 /* ReviewViewController.xib in Resources */,
				4F412DA51A25266200019241 /* CarViewController.xib in Resources */,
				4F1AD19E1A155C460047BEE8 /* FontAwesome.ttf in Resources */,
				4FD346E11A127A76006026DD /* StepperTableViewCell.xib in Resources */,
				DB57FE551A26F2C100D99648 /* Common.xcassets in Resources */,
				4F412DA91A254E2800019241 /* ImageTableViewCell.xib in Resources */,
				4FF31FF71A1F4EC9005805D7 /* RightChatTableViewCell.xib in Resources */,
				4F20D37F1A23477600A1CAC5 /* HikeTableViewCell.xib in Resources */,
				4FF31FFB1A1F57AD005805D7 /* LeftChatTableViewCell.xib in Resources */,
				4F412DAD1A2550A000019241 /* FSTextViewTableViewCell.xib in Resources */,
				4F1AD1721A139B490047BEE8 /* FSTextFieldTableViewCell.xib in Resources */,
				4FD346E91A12831B006026DD /* StartEndTableViewCell.xib in Resources */,
				4FD3C9D21A23FB10003058F6 /* JourneyRequestTableViewCell.xib in Resources */,
				4F412D6F1A24C72C00019241 /* AcceptJourneyRequestTableViewCell.xib in Resources */,
				4F20D3811A235B9500A1CAC5 /* OCRAStd.otf in Resources */,
				4F1AD1821A153E620047BEE8 /* JourneyTableViewCell.xib in Resources */,
				4F8856AE1A1118240039EA6E /* SwitchTableViewCell.xib in Resources */,
				4FD346E51A127CB3006026DD /* PriceTableViewCell.xib in Resources */,
				4FC1E5F019FEB518002F743B /* LaunchScreen.xib in Resources */,
				4FC1E5ED19FEB518002F743B /* Images.xcassets in Resources */,
				4F4FFDBB1A1FC3AD004EE524 /* FSProfileTableViewCell.xib in Resources */,
			);
			runOnlyForDeploymentPostprocessing = 0;
		};
/* End PBXResourcesBuildPhase section */

/* Begin PBXSourcesBuildPhase section */
		4FC1E5DC19FEB518002F743B /* Sources */ = {
			isa = PBXSourcesBuildPhase;
			buildActionMask = 2147483647;
			files = (
				4F412D671A24B89700019241 /* JCNotificationBannerViewController.m in Sources */,
				4F412D631A24B89700019241 /* JCNotificationBannerPresenterIOS7Style.m in Sources */,
				4F4FFDBE1A20AC63004EE524 /* FAImageView.m in Sources */,
				4FD3C9D11A23FB10003058F6 /* JourneyRequestTableViewCell.swift in Sources */,
				4F412DAC1A2550A000019241 /* FSTextViewTableViewCell.swift in Sources */,
				4F20D36D1A23354E00A1CAC5 /* SDWebImagePrefetcher.m in Sources */,
				4F20D37E1A23477600A1CAC5 /* HikeTableViewCell.swift in Sources */,
				4F20D3741A23354E00A1CAC5 /* UIView+WebCacheOperation.m in Sources */,
				4F412DA41A25266200019241 /* CarViewController.swift in Sources */,
				4F412D6E1A24C72C00019241 /* AcceptJourneyRequestTableViewCell.swift in Sources */,
				4F20D3651A23354E00A1CAC5 /* MKAnnotationView+WebCache.m in Sources */,
				4FEA2EA71A29F504008C1CE7 /* LocationFinderTableViewController.swift in Sources */,
				4F4FFDBF1A20AC63004EE524 /* NSString+FontAwesome.m in Sources */,
				4F4FFDC01A20AC63004EE524 /* UIFont+FontAwesome.m in Sources */,
				4F4FFDBD1A20AB35004EE524 /* FacebookCtrl.m in Sources */,
				4F4FFDBC1A20AB2B004EE524 /* SVProgressHUD.m in Sources */,
				4F20D3701A23354E00A1CAC5 /* UIImage+MultiFormat.m in Sources */,
				4F1A62561A1A90EE00826ECE /* Message.swift in Sources */,
				4F412D641A24B89700019241 /* JCNotificationBannerPresenterIOSStyle.m in Sources */,
				4F20D37B1A23412400A1CAC5 /* MGSwipeTableCell.m in Sources */,
				4FA9F15A19FED9B7009D0F33 /* User.swift in Sources */,
				DB22377D1A2B2F0300BCE0F2 /* SettingTableViewController.swift in Sources */,
				4FD6D2921A0551F600199082 /* Car.swift in Sources */,
				4FA9F16119FFD3CA009D0F33 /* PageRootViewController.swift in Sources */,
				4F20D3661A23354E00A1CAC5 /* NSData+ImageContentType.m in Sources */,
				4F20D36F1A23354E00A1CAC5 /* UIImage+GIF.m in Sources */,
				4F525F371A05958B00EDD696 /* Journey.swift in Sources */,
				4F412D611A24B89700019241 /* JCNotificationBanner.m in Sources */,
				4F412D651A24B89700019241 /* JCNotificationBannerPresenterSmokeStyle.m in Sources */,
				4F20D36A1A23354E00A1CAC5 /* SDWebImageDownloader.m in Sources */,
				4F20D3681A23354E00A1CAC5 /* SDWebImageCompat.m in Sources */,
				DB22377A1A2B242200BCE0F2 /* SettingTableViewCell.swift in Sources */,
				4F412D6B1A24B89700019241 /* JCNotificationCenter.m in Sources */,
				4F20D37A1A23412400A1CAC5 /* MGSwipeButton.m in Sources */,
				4F525F3D1A06A46500EDD696 /* CarsTableViewController.swift in Sources */,
				4F20D3721A23354E00A1CAC5 /* UIImageView+HighlightedWebCache.m in Sources */,
				4FD346E01A127A76006026DD /* StepperTableViewCell.swift in Sources */,
				4F412D691A24B89700019241 /* JCNotificationBannerViewIOSStyle.m in Sources */,
				4F1AD1711A139B490047BEE8 /* FSTextFieldTableViewCell.swift in Sources */,
				4F20D3691A23354E00A1CAC5 /* SDWebImageDecoder.m in Sources */,
				4F20D36C1A23354E00A1CAC5 /* SDWebImageManager.m in Sources */,
				4F525F3B1A05A26C00EDD696 /* AddJourneyTableViewController.swift in Sources */,
				4FD346E81A12831B006026DD /* StartEndTableViewCell.swift in Sources */,
				4F4FFD691A1F5F80004EE524 /* ChatLabel.swift in Sources */,
				4F4E363D1A13622100934D6B /* SharedStorage.swift in Sources */,
				4FEA2EB01A2AD525008C1CE7 /* ReviewViewController.swift in Sources */,
				4F20D36B1A23354E00A1CAC5 /* SDWebImageDownloaderOperation.m in Sources */,
				4FD6D2961A05560B00199082 /* Network.swift in Sources */,
				4F412D621A24B89700019241 /* JCNotificationBannerPresenter.m in Sources */,
				4F1AD1A81A1562760047BEE8 /* HikesTableViewController.swift in Sources */,
				4F412D661A24B89700019241 /* JCNotificationBannerView.m in Sources */,
				4F8856AD1A1118240039EA6E /* SwitchTableViewCell.swift in Sources */,
				4F412DA81A254E2800019241 /* ImageTableViewCell.swift in Sources */,
				4F8B23F01A288EBC0095EC1B /* JourneyPassenger.swift in Sources */,
				4F8B23EE1A288DCD0095EC1B /* PassengersTableViewController.swift in Sources */,
				4FD346E41A127CB3006026DD /* PriceTableViewCell.swift in Sources */,
				4FC1E60819FEB751002F743B /* LoginViewController.swift in Sources */,
				4F1A62541A1A90B300826ECE /* MessagesTableViewController.swift in Sources */,
				4FEA2EAC1A2A01AC008C1CE7 /* FSFullTextFieldTableViewCell.swift in Sources */,
				4F95342719FFEFDF0058210D /* UserTableViewController.swift in Sources */,
				4F20D36E1A23354E00A1CAC5 /* UIButton+WebCache.m in Sources */,
				4F525F391A05A10800EDD696 /* NearbyJourneysTableViewController.swift in Sources */,
				4F2773751A08E5BA0012B779 /* AddCarTableViewController.swift in Sources */,
				4FF31FFA1A1F57AD005805D7 /* LeftChatTableViewCell.swift in Sources */,
				4F412D6A1A24B89700019241 /* JCNotificationBannerWindow.m in Sources */,
				4F20D3671A23354E00A1CAC5 /* SDImageCache.m in Sources */,
				4F4FFDBA1A1FC3AD004EE524 /* FSProfileTableViewCell.swift in Sources */,
				4F412D681A24B89700019241 /* JCNotificationBannerViewIOS7Style.m in Sources */,
				4FF31FF61A1F4EC9005805D7 /* RightChatTableViewCell.swift in Sources */,
				4F1AD1811A153E620047BEE8 /* JourneyTableViewCell.swift in Sources */,
				4FC1E5E619FEB518002F743B /* AppDelegate.swift in Sources */,
				4F20D3731A23354E00A1CAC5 /* UIImageView+WebCache.m in Sources */,
				4F20D3711A23354E00A1CAC5 /* UIImage+WebP.m in Sources */,
			);
			runOnlyForDeploymentPostprocessing = 0;
		};
/* End PBXSourcesBuildPhase section */

/* Begin PBXVariantGroup section */
		4FC1E5E919FEB518002F743B /* Main.storyboard */ = {
			isa = PBXVariantGroup;
			children = (
				4FC1E5EA19FEB518002F743B /* Base */,
			);
			name = Main.storyboard;
			sourceTree = "<group>";
		};
		4FC1E5EE19FEB518002F743B /* LaunchScreen.xib */ = {
			isa = PBXVariantGroup;
			children = (
				4FC1E5EF19FEB518002F743B /* Base */,
			);
			name = LaunchScreen.xib;
			sourceTree = "<group>";
		};
/* End PBXVariantGroup section */

/* Begin XCBuildConfiguration section */
		4FC1E5FD19FEB518002F743B /* Debug */ = {
			isa = XCBuildConfiguration;
			buildSettings = {
				ALWAYS_SEARCH_USER_PATHS = NO;
				CLANG_CXX_LANGUAGE_STANDARD = "gnu++0x";
				CLANG_CXX_LIBRARY = "libc++";
				CLANG_ENABLE_MODULES = YES;
				CLANG_ENABLE_OBJC_ARC = YES;
				CLANG_WARN_BOOL_CONVERSION = YES;
				CLANG_WARN_CONSTANT_CONVERSION = YES;
				CLANG_WARN_DIRECT_OBJC_ISA_USAGE = YES_ERROR;
				CLANG_WARN_EMPTY_BODY = YES;
				CLANG_WARN_ENUM_CONVERSION = YES;
				CLANG_WARN_INT_CONVERSION = YES;
				CLANG_WARN_OBJC_ROOT_CLASS = YES_ERROR;
				CLANG_WARN_UNREACHABLE_CODE = YES;
				CLANG_WARN__DUPLICATE_METHOD_MATCH = YES;
				"CODE_SIGN_IDENTITY[sdk=iphoneos*]" = "iPhone Developer";
				COPY_PHASE_STRIP = NO;
				ENABLE_STRICT_OBJC_MSGSEND = YES;
				GCC_C_LANGUAGE_STANDARD = gnu99;
				GCC_DYNAMIC_NO_PIC = NO;
				GCC_OPTIMIZATION_LEVEL = 0;
				GCC_PREPROCESSOR_DEFINITIONS = (
					"DEBUG=1",
					"$(inherited)",
				);
				GCC_SYMBOLS_PRIVATE_EXTERN = NO;
				GCC_WARN_64_TO_32_BIT_CONVERSION = YES;
				GCC_WARN_ABOUT_RETURN_TYPE = YES_ERROR;
				GCC_WARN_UNDECLARED_SELECTOR = YES;
				GCC_WARN_UNINITIALIZED_AUTOS = YES_AGGRESSIVE;
				GCC_WARN_UNUSED_FUNCTION = YES;
				GCC_WARN_UNUSED_VARIABLE = YES;
				IPHONEOS_DEPLOYMENT_TARGET = 8.1;
				MTL_ENABLE_DEBUG_INFO = YES;
				ONLY_ACTIVE_ARCH = YES;
				SDKROOT = iphoneos;
				SWIFT_OPTIMIZATION_LEVEL = "-Onone";
			};
			name = Debug;
		};
		4FC1E5FE19FEB518002F743B /* Release */ = {
			isa = XCBuildConfiguration;
			buildSettings = {
				ALWAYS_SEARCH_USER_PATHS = NO;
				CLANG_CXX_LANGUAGE_STANDARD = "gnu++0x";
				CLANG_CXX_LIBRARY = "libc++";
				CLANG_ENABLE_MODULES = YES;
				CLANG_ENABLE_OBJC_ARC = YES;
				CLANG_WARN_BOOL_CONVERSION = YES;
				CLANG_WARN_CONSTANT_CONVERSION = YES;
				CLANG_WARN_DIRECT_OBJC_ISA_USAGE = YES_ERROR;
				CLANG_WARN_EMPTY_BODY = YES;
				CLANG_WARN_ENUM_CONVERSION = YES;
				CLANG_WARN_INT_CONVERSION = YES;
				CLANG_WARN_OBJC_ROOT_CLASS = YES_ERROR;
				CLANG_WARN_UNREACHABLE_CODE = YES;
				CLANG_WARN__DUPLICATE_METHOD_MATCH = YES;
				"CODE_SIGN_IDENTITY[sdk=iphoneos*]" = "iPhone Developer";
				COPY_PHASE_STRIP = YES;
				ENABLE_NS_ASSERTIONS = NO;
				ENABLE_STRICT_OBJC_MSGSEND = YES;
				GCC_C_LANGUAGE_STANDARD = gnu99;
				GCC_WARN_64_TO_32_BIT_CONVERSION = YES;
				GCC_WARN_ABOUT_RETURN_TYPE = YES_ERROR;
				GCC_WARN_UNDECLARED_SELECTOR = YES;
				GCC_WARN_UNINITIALIZED_AUTOS = YES_AGGRESSIVE;
				GCC_WARN_UNUSED_FUNCTION = YES;
				GCC_WARN_UNUSED_VARIABLE = YES;
				IPHONEOS_DEPLOYMENT_TARGET = 8.1;
				MTL_ENABLE_DEBUG_INFO = NO;
				SDKROOT = iphoneos;
				VALIDATE_PRODUCT = YES;
			};
			name = Release;
		};
		4FC1E60019FEB518002F743B /* Debug */ = {
			isa = XCBuildConfiguration;
			buildSettings = {
				ASSETCATALOG_COMPILER_APPICON_NAME = AppIcon;
				ASSETCATALOG_COMPILER_LAUNCHIMAGE_NAME = LaunchImage;
				CLANG_ENABLE_MODULES = YES;
				CODE_SIGN_IDENTITY = "iPhone Developer";
				"CODE_SIGN_IDENTITY[sdk=iphoneos*]" = "iPhone Developer";
				INFOPLIST_FILE = FareShout/Info.plist;
				IPHONEOS_DEPLOYMENT_TARGET = 7.0;
				LD_RUNPATH_SEARCH_PATHS = "$(inherited) @executable_path/Frameworks";
				PRODUCT_NAME = "$(TARGET_NAME)";
				PROVISIONING_PROFILE = "";
				SWIFT_OBJC_BRIDGING_HEADER = "FareShout/FareShout-Bridging-Header.h";
				SWIFT_OPTIMIZATION_LEVEL = "-Onone";
			};
			name = Debug;
		};
		4FC1E60119FEB518002F743B /* Release */ = {
			isa = XCBuildConfiguration;
			buildSettings = {
				ASSETCATALOG_COMPILER_APPICON_NAME = AppIcon;
				ASSETCATALOG_COMPILER_LAUNCHIMAGE_NAME = LaunchImage;
				CLANG_ENABLE_MODULES = YES;
				CODE_SIGN_IDENTITY = "iPhone Developer";
				"CODE_SIGN_IDENTITY[sdk=iphoneos*]" = "iPhone Developer";
				INFOPLIST_FILE = FareShout/Info.plist;
				IPHONEOS_DEPLOYMENT_TARGET = 7.0;
				LD_RUNPATH_SEARCH_PATHS = "$(inherited) @executable_path/Frameworks";
				PRODUCT_NAME = "$(TARGET_NAME)";
				PROVISIONING_PROFILE = "";
				SWIFT_OBJC_BRIDGING_HEADER = "FareShout/FareShout-Bridging-Header.h";
			};
			name = Release;
		};
/* End XCBuildConfiguration section */

/* Begin XCConfigurationList section */
		4FC1E5DB19FEB518002F743B /* Build configuration list for PBXProject "FareShout" */ = {
			isa = XCConfigurationList;
			buildConfigurations = (
				4FC1E5FD19FEB518002F743B /* Debug */,
				4FC1E5FE19FEB518002F743B /* Release */,
			);
			defaultConfigurationIsVisible = 0;
			defaultConfigurationName = Release;
		};
		4FC1E5FF19FEB518002F743B /* Build configuration list for PBXNativeTarget "FareShout" */ = {
			isa = XCConfigurationList;
			buildConfigurations = (
				4FC1E60019FEB518002F743B /* Debug */,
				4FC1E60119FEB518002F743B /* Release */,
			);
			defaultConfigurationIsVisible = 0;
			defaultConfigurationName = Release;
		};
/* End XCConfigurationList section */
	};
	rootObject = 4FC1E5D819FEB518002F743B /* Project object */;
}
