// !$*UTF8*$!
{
	archiveVersion = 1;
	classes = {
	};
	objectVersion = 46;
	objects = {

/* Begin PBXBuildFile section */
		4F2773731A08E4FD0012B779 /* TextFieldTableViewCell.swift in Sources */ = {isa = PBXBuildFile; fileRef = 4F2773721A08E4FD0012B779 /* TextFieldTableViewCell.swift */; };
		4F2773751A08E5BA0012B779 /* AddCarTableViewController.swift in Sources */ = {isa = PBXBuildFile; fileRef = 4F2773741A08E5BA0012B779 /* AddCarTableViewController.swift */; };
		4F525F371A05958B00EDD696 /* Journey.swift in Sources */ = {isa = PBXBuildFile; fileRef = 4F525F361A05958B00EDD696 /* Journey.swift */; };
		4F525F391A05A10800EDD696 /* NearbyJourneysTableViewController.swift in Sources */ = {isa = PBXBuildFile; fileRef = 4F525F381A05A10800EDD696 /* NearbyJourneysTableViewController.swift */; };
		4F525F3B1A05A26C00EDD696 /* AddJourneyTableViewController.swift in Sources */ = {isa = PBXBuildFile; fileRef = 4F525F3A1A05A26C00EDD696 /* AddJourneyTableViewController.swift */; };
		4F525F3D1A06A46500EDD696 /* CarsTableViewController.swift in Sources */ = {isa = PBXBuildFile; fileRef = 4F525F3C1A06A46500EDD696 /* CarsTableViewController.swift */; };
		4F8856AA1A10FA120039EA6E /* TextFieldTableViewCell.xib in Resources */ = {isa = PBXBuildFile; fileRef = 4F8856A91A10FA120039EA6E /* TextFieldTableViewCell.xib */; };
		4F8856AD1A1118240039EA6E /* SwitchTableViewCell.swift in Sources */ = {isa = PBXBuildFile; fileRef = 4F8856AB1A1118240039EA6E /* SwitchTableViewCell.swift */; };
		4F8856AE1A1118240039EA6E /* SwitchTableViewCell.xib in Resources */ = {isa = PBXBuildFile; fileRef = 4F8856AC1A1118240039EA6E /* SwitchTableViewCell.xib */; };
		4F95342719FFEFDF0058210D /* UserTableViewController.swift in Sources */ = {isa = PBXBuildFile; fileRef = 4F95342619FFEFDF0058210D /* UserTableViewController.swift */; };
		4F95342A19FFF7060058210D /* ProfileTableViewCell.swift in Sources */ = {isa = PBXBuildFile; fileRef = 4F95342919FFF7060058210D /* ProfileTableViewCell.swift */; };
		4FA9F15A19FED9B7009D0F33 /* User.swift in Sources */ = {isa = PBXBuildFile; fileRef = 4FA9F15919FED9B7009D0F33 /* User.swift */; };
		4FA9F16119FFD3CA009D0F33 /* PageRootViewController.swift in Sources */ = {isa = PBXBuildFile; fileRef = 4FA9F16019FFD3CA009D0F33 /* PageRootViewController.swift */; };
		4FC1E5E619FEB518002F743B /* AppDelegate.swift in Sources */ = {isa = PBXBuildFile; fileRef = 4FC1E5E519FEB518002F743B /* AppDelegate.swift */; };
		4FC1E5EB19FEB518002F743B /* Main.storyboard in Resources */ = {isa = PBXBuildFile; fileRef = 4FC1E5E919FEB518002F743B /* Main.storyboard */; };
		4FC1E5ED19FEB518002F743B /* Images.xcassets in Resources */ = {isa = PBXBuildFile; fileRef = 4FC1E5EC19FEB518002F743B /* Images.xcassets */; };
		4FC1E5F019FEB518002F743B /* LaunchScreen.xib in Resources */ = {isa = PBXBuildFile; fileRef = 4FC1E5EE19FEB518002F743B /* LaunchScreen.xib */; };
		4FC1E5FC19FEB518002F743B /* FareShoutTests.swift in Sources */ = {isa = PBXBuildFile; fileRef = 4FC1E5FB19FEB518002F743B /* FareShoutTests.swift */; };
		4FC1E60819FEB751002F743B /* LoginViewController.swift in Sources */ = {isa = PBXBuildFile; fileRef = 4FC1E60719FEB751002F743B /* LoginViewController.swift */; };
		4FC1E60A19FEB839002F743B /* Social.framework in Frameworks */ = {isa = PBXBuildFile; fileRef = 4FC1E60919FEB839002F743B /* Social.framework */; };
		4FC1E60C19FEB866002F743B /* Accounts.framework in Frameworks */ = {isa = PBXBuildFile; fileRef = 4FC1E60B19FEB866002F743B /* Accounts.framework */; };
		4FC1E61019FEB891002F743B /* FacebookCtrl.m in Sources */ = {isa = PBXBuildFile; fileRef = 4FC1E60F19FEB891002F743B /* FacebookCtrl.m */; };
		4FD346E01A127A76006026DD /* StepperTableViewCell.swift in Sources */ = {isa = PBXBuildFile; fileRef = 4FD346DE1A127A76006026DD /* StepperTableViewCell.swift */; };
		4FD346E11A127A76006026DD /* StepperTableViewCell.xib in Resources */ = {isa = PBXBuildFile; fileRef = 4FD346DF1A127A76006026DD /* StepperTableViewCell.xib */; };
		4FD346E41A127CB3006026DD /* PriceTableViewCell.swift in Sources */ = {isa = PBXBuildFile; fileRef = 4FD346E21A127CB3006026DD /* PriceTableViewCell.swift */; };
		4FD346E51A127CB3006026DD /* PriceTableViewCell.xib in Resources */ = {isa = PBXBuildFile; fileRef = 4FD346E31A127CB3006026DD /* PriceTableViewCell.xib */; };
		4FD346E81A12831B006026DD /* StartEndTableViewCell.swift in Sources */ = {isa = PBXBuildFile; fileRef = 4FD346E61A12831B006026DD /* StartEndTableViewCell.swift */; };
		4FD346E91A12831B006026DD /* StartEndTableViewCell.xib in Resources */ = {isa = PBXBuildFile; fileRef = 4FD346E71A12831B006026DD /* StartEndTableViewCell.xib */; };
		4FD6D2921A0551F600199082 /* Car.swift in Sources */ = {isa = PBXBuildFile; fileRef = 4FD6D2911A0551F600199082 /* Car.swift */; };
		4FD6D2931A0555D700199082 /* User.swift in Sources */ = {isa = PBXBuildFile; fileRef = 4FA9F15919FED9B7009D0F33 /* User.swift */; };
		4FD6D2941A0555DA00199082 /* Car.swift in Sources */ = {isa = PBXBuildFile; fileRef = 4FD6D2911A0551F600199082 /* Car.swift */; };
		4FD6D2961A05560B00199082 /* Network.swift in Sources */ = {isa = PBXBuildFile; fileRef = 4FD6D2951A05560B00199082 /* Network.swift */; };
		4FD6D2971A05561600199082 /* Network.swift in Sources */ = {isa = PBXBuildFile; fileRef = 4FD6D2951A05560B00199082 /* Network.swift */; };
		4FD6D2991A05564500199082 /* CarTest.swift in Sources */ = {isa = PBXBuildFile; fileRef = 4FD6D2981A05564500199082 /* CarTest.swift */; };
/* End PBXBuildFile section */

/* Begin PBXContainerItemProxy section */
		4FC1E5F619FEB518002F743B /* PBXContainerItemProxy */ = {
			isa = PBXContainerItemProxy;
			containerPortal = 4FC1E5D819FEB518002F743B /* Project object */;
			proxyType = 1;
			remoteGlobalIDString = 4FC1E5DF19FEB518002F743B;
			remoteInfo = FareShout;
		};
/* End PBXContainerItemProxy section */

/* Begin PBXFileReference section */
		4F2773721A08E4FD0012B779 /* TextFieldTableViewCell.swift */ = {isa = PBXFileReference; fileEncoding = 4; lastKnownFileType = sourcecode.swift; path = TextFieldTableViewCell.swift; sourceTree = "<group>"; };
		4F2773741A08E5BA0012B779 /* AddCarTableViewController.swift */ = {isa = PBXFileReference; fileEncoding = 4; lastKnownFileType = sourcecode.swift; path = AddCarTableViewController.swift; sourceTree = "<group>"; };
		4F525F361A05958B00EDD696 /* Journey.swift */ = {isa = PBXFileReference; fileEncoding = 4; lastKnownFileType = sourcecode.swift; path = Journey.swift; sourceTree = "<group>"; };
		4F525F381A05A10800EDD696 /* NearbyJourneysTableViewController.swift */ = {isa = PBXFileReference; fileEncoding = 4; lastKnownFileType = sourcecode.swift; path = NearbyJourneysTableViewController.swift; sourceTree = "<group>"; };
		4F525F3A1A05A26C00EDD696 /* AddJourneyTableViewController.swift */ = {isa = PBXFileReference; fileEncoding = 4; lastKnownFileType = sourcecode.swift; path = AddJourneyTableViewController.swift; sourceTree = "<group>"; };
		4F525F3C1A06A46500EDD696 /* CarsTableViewController.swift */ = {isa = PBXFileReference; fileEncoding = 4; lastKnownFileType = sourcecode.swift; path = CarsTableViewController.swift; sourceTree = "<group>"; };
		4F8856A91A10FA120039EA6E /* TextFieldTableViewCell.xib */ = {isa = PBXFileReference; fileEncoding = 4; lastKnownFileType = file.xib; path = TextFieldTableViewCell.xib; sourceTree = "<group>"; };
		4F8856AB1A1118240039EA6E /* SwitchTableViewCell.swift */ = {isa = PBXFileReference; fileEncoding = 4; lastKnownFileType = sourcecode.swift; path = SwitchTableViewCell.swift; sourceTree = "<group>"; };
		4F8856AC1A1118240039EA6E /* SwitchTableViewCell.xib */ = {isa = PBXFileReference; fileEncoding = 4; lastKnownFileType = file.xib; path = SwitchTableViewCell.xib; sourceTree = "<group>"; };
		4F95342619FFEFDF0058210D /* UserTableViewController.swift */ = {isa = PBXFileReference; fileEncoding = 4; lastKnownFileType = sourcecode.swift; name = UserTableViewController.swift; path = FareShout/UserTableViewController.swift; sourceTree = "<group>"; };
		4F95342919FFF7060058210D /* ProfileTableViewCell.swift */ = {isa = PBXFileReference; fileEncoding = 4; lastKnownFileType = sourcecode.swift; name = ProfileTableViewCell.swift; path = FareShout/ProfileTableViewCell.swift; sourceTree = "<group>"; };
		4FA9F15919FED9B7009D0F33 /* User.swift */ = {isa = PBXFileReference; fileEncoding = 4; lastKnownFileType = sourcecode.swift; path = User.swift; sourceTree = "<group>"; };
		4FA9F16019FFD3CA009D0F33 /* PageRootViewController.swift */ = {isa = PBXFileReference; fileEncoding = 4; lastKnownFileType = sourcecode.swift; name = PageRootViewController.swift; path = FareShout/PageRootViewController.swift; sourceTree = "<group>"; };
		4FC1E5E019FEB518002F743B /* FareShout.app */ = {isa = PBXFileReference; explicitFileType = wrapper.application; includeInIndex = 0; path = FareShout.app; sourceTree = BUILT_PRODUCTS_DIR; };
		4FC1E5E419FEB518002F743B /* Info.plist */ = {isa = PBXFileReference; lastKnownFileType = text.plist.xml; path = Info.plist; sourceTree = "<group>"; };
		4FC1E5E519FEB518002F743B /* AppDelegate.swift */ = {isa = PBXFileReference; lastKnownFileType = sourcecode.swift; path = AppDelegate.swift; sourceTree = "<group>"; };
		4FC1E5EA19FEB518002F743B /* Base */ = {isa = PBXFileReference; lastKnownFileType = file.storyboard; name = Base; path = Base.lproj/Main.storyboard; sourceTree = "<group>"; };
		4FC1E5EC19FEB518002F743B /* Images.xcassets */ = {isa = PBXFileReference; lastKnownFileType = folder.assetcatalog; path = Images.xcassets; sourceTree = "<group>"; };
		4FC1E5EF19FEB518002F743B /* Base */ = {isa = PBXFileReference; lastKnownFileType = file.xib; name = Base; path = Base.lproj/LaunchScreen.xib; sourceTree = "<group>"; };
		4FC1E5F519FEB518002F743B /* FareShoutTests.xctest */ = {isa = PBXFileReference; explicitFileType = wrapper.cfbundle; includeInIndex = 0; path = FareShoutTests.xctest; sourceTree = BUILT_PRODUCTS_DIR; };
		4FC1E5FA19FEB518002F743B /* Info.plist */ = {isa = PBXFileReference; lastKnownFileType = text.plist.xml; path = Info.plist; sourceTree = "<group>"; };
		4FC1E5FB19FEB518002F743B /* FareShoutTests.swift */ = {isa = PBXFileReference; lastKnownFileType = sourcecode.swift; path = FareShoutTests.swift; sourceTree = "<group>"; };
		4FC1E60719FEB751002F743B /* LoginViewController.swift */ = {isa = PBXFileReference; fileEncoding = 4; lastKnownFileType = sourcecode.swift; name = LoginViewController.swift; path = FareShout/LoginViewController.swift; sourceTree = "<group>"; };
		4FC1E60919FEB839002F743B /* Social.framework */ = {isa = PBXFileReference; lastKnownFileType = wrapper.framework; name = Social.framework; path = System/Library/Frameworks/Social.framework; sourceTree = SDKROOT; };
		4FC1E60B19FEB866002F743B /* Accounts.framework */ = {isa = PBXFileReference; lastKnownFileType = wrapper.framework; name = Accounts.framework; path = System/Library/Frameworks/Accounts.framework; sourceTree = SDKROOT; };
		4FC1E60D19FEB890002F743B /* FareShout-Bridging-Header.h */ = {isa = PBXFileReference; lastKnownFileType = sourcecode.c.h; path = "FareShout-Bridging-Header.h"; sourceTree = "<group>"; };
		4FC1E60E19FEB891002F743B /* FacebookCtrl.h */ = {isa = PBXFileReference; fileEncoding = 4; lastKnownFileType = sourcecode.c.h; path = FacebookCtrl.h; sourceTree = "<group>"; };
		4FC1E60F19FEB891002F743B /* FacebookCtrl.m */ = {isa = PBXFileReference; fileEncoding = 4; lastKnownFileType = sourcecode.c.objc; path = FacebookCtrl.m; sourceTree = "<group>"; };
		4FD346DE1A127A76006026DD /* StepperTableViewCell.swift */ = {isa = PBXFileReference; fileEncoding = 4; lastKnownFileType = sourcecode.swift; path = StepperTableViewCell.swift; sourceTree = "<group>"; };
		4FD346DF1A127A76006026DD /* StepperTableViewCell.xib */ = {isa = PBXFileReference; fileEncoding = 4; lastKnownFileType = file.xib; path = StepperTableViewCell.xib; sourceTree = "<group>"; };
		4FD346E21A127CB3006026DD /* PriceTableViewCell.swift */ = {isa = PBXFileReference; fileEncoding = 4; lastKnownFileType = sourcecode.swift; path = PriceTableViewCell.swift; sourceTree = "<group>"; };
		4FD346E31A127CB3006026DD /* PriceTableViewCell.xib */ = {isa = PBXFileReference; fileEncoding = 4; lastKnownFileType = file.xib; path = PriceTableViewCell.xib; sourceTree = "<group>"; };
		4FD346E61A12831B006026DD /* StartEndTableViewCell.swift */ = {isa = PBXFileReference; fileEncoding = 4; lastKnownFileType = sourcecode.swift; path = StartEndTableViewCell.swift; sourceTree = "<group>"; };
		4FD346E71A12831B006026DD /* StartEndTableViewCell.xib */ = {isa = PBXFileReference; fileEncoding = 4; lastKnownFileType = file.xib; path = StartEndTableViewCell.xib; sourceTree = "<group>"; };
		4FD6D2911A0551F600199082 /* Car.swift */ = {isa = PBXFileReference; fileEncoding = 4; lastKnownFileType = sourcecode.swift; path = Car.swift; sourceTree = "<group>"; };
		4FD6D2951A05560B00199082 /* Network.swift */ = {isa = PBXFileReference; fileEncoding = 4; lastKnownFileType = sourcecode.swift; path = Network.swift; sourceTree = "<group>"; };
		4FD6D2981A05564500199082 /* CarTest.swift */ = {isa = PBXFileReference; fileEncoding = 4; lastKnownFileType = sourcecode.swift; path = CarTest.swift; sourceTree = "<group>"; };
/* End PBXFileReference section */

/* Begin PBXFrameworksBuildPhase section */
		4FC1E5DD19FEB518002F743B /* Frameworks */ = {
			isa = PBXFrameworksBuildPhase;
			buildActionMask = 2147483647;
			files = (
				4FC1E60C19FEB866002F743B /* Accounts.framework in Frameworks */,
				4FC1E60A19FEB839002F743B /* Social.framework in Frameworks */,
			);
			runOnlyForDeploymentPostprocessing = 0;
		};
		4FC1E5F219FEB518002F743B /* Frameworks */ = {
			isa = PBXFrameworksBuildPhase;
			buildActionMask = 2147483647;
			files = (
			);
			runOnlyForDeploymentPostprocessing = 0;
		};
/* End PBXFrameworksBuildPhase section */

/* Begin PBXGroup section */
		4F95342819FFF6E70058210D /* Cells */ = {
			isa = PBXGroup;
			children = (
				4F95342919FFF7060058210D /* ProfileTableViewCell.swift */,
				4F2773721A08E4FD0012B779 /* TextFieldTableViewCell.swift */,
				4F8856A91A10FA120039EA6E /* TextFieldTableViewCell.xib */,
				4F8856AB1A1118240039EA6E /* SwitchTableViewCell.swift */,
				4F8856AC1A1118240039EA6E /* SwitchTableViewCell.xib */,
				4FD346DE1A127A76006026DD /* StepperTableViewCell.swift */,
				4FD346DF1A127A76006026DD /* StepperTableViewCell.xib */,
				4FD346E21A127CB3006026DD /* PriceTableViewCell.swift */,
				4FD346E31A127CB3006026DD /* PriceTableViewCell.xib */,
				4FD346E61A12831B006026DD /* StartEndTableViewCell.swift */,
				4FD346E71A12831B006026DD /* StartEndTableViewCell.xib */,
			);
			name = Cells;
			sourceTree = "<group>";
		};
		4FA9F15819FED8CA009D0F33 /* Models */ = {
			isa = PBXGroup;
			children = (
				4FA9F15919FED9B7009D0F33 /* User.swift */,
				4FD6D2911A0551F600199082 /* Car.swift */,
				4F525F361A05958B00EDD696 /* Journey.swift */,
			);
			name = Models;
			sourceTree = "<group>";
		};
		4FC1E5D719FEB518002F743B = {
			isa = PBXGroup;
			children = (
				4FC1E60B19FEB866002F743B /* Accounts.framework */,
				4FC1E60919FEB839002F743B /* Social.framework */,
				4FA9F15819FED8CA009D0F33 /* Models */,
				4FC1E60519FEB6E8002F743B /* Scenes */,
				4F95342819FFF6E70058210D /* Cells */,
				4FC1E5E219FEB518002F743B /* FareShout */,
				4FC1E5F819FEB518002F743B /* FareShoutTests */,
				4FC1E5E119FEB518002F743B /* Products */,
			);
			sourceTree = "<group>";
		};
		4FC1E5E119FEB518002F743B /* Products */ = {
			isa = PBXGroup;
			children = (
				4FC1E5E019FEB518002F743B /* FareShout.app */,
				4FC1E5F519FEB518002F743B /* FareShoutTests.xctest */,
			);
			name = Products;
			sourceTree = "<group>";
		};
		4FC1E5E219FEB518002F743B /* FareShout */ = {
			isa = PBXGroup;
			children = (
				4FC1E5E519FEB518002F743B /* AppDelegate.swift */,
				4FD6D2951A05560B00199082 /* Network.swift */,
				4FC1E5E919FEB518002F743B /* Main.storyboard */,
				4FC1E5EC19FEB518002F743B /* Images.xcassets */,
				4FC1E5EE19FEB518002F743B /* LaunchScreen.xib */,
				4FC1E5E319FEB518002F743B /* Supporting Files */,
				4FC1E60E19FEB891002F743B /* FacebookCtrl.h */,
				4FC1E60F19FEB891002F743B /* FacebookCtrl.m */,
				4FC1E60D19FEB890002F743B /* FareShout-Bridging-Header.h */,
			);
			path = FareShout;
			sourceTree = "<group>";
		};
		4FC1E5E319FEB518002F743B /* Supporting Files */ = {
			isa = PBXGroup;
			children = (
				4FC1E5E419FEB518002F743B /* Info.plist */,
			);
			name = "Supporting Files";
			sourceTree = "<group>";
		};
		4FC1E5F819FEB518002F743B /* FareShoutTests */ = {
			isa = PBXGroup;
			children = (
				4FC1E5FB19FEB518002F743B /* FareShoutTests.swift */,
				4FD6D2981A05564500199082 /* CarTest.swift */,
				4FC1E5F919FEB518002F743B /* Supporting Files */,
			);
			path = FareShoutTests;
			sourceTree = "<group>";
		};
		4FC1E5F919FEB518002F743B /* Supporting Files */ = {
			isa = PBXGroup;
			children = (
				4FC1E5FA19FEB518002F743B /* Info.plist */,
			);
			name = "Supporting Files";
			sourceTree = "<group>";
		};
		4FC1E60519FEB6E8002F743B /* Scenes */ = {
			isa = PBXGroup;
			children = (
				4FA9F16019FFD3CA009D0F33 /* PageRootViewController.swift */,
				4FC1E60619FEB71D002F743B /* Login */,
				4F95342619FFEFDF0058210D /* UserTableViewController.swift */,
				4F525F381A05A10800EDD696 /* NearbyJourneysTableViewController.swift */,
				4F525F3A1A05A26C00EDD696 /* AddJourneyTableViewController.swift */,
				4F525F3C1A06A46500EDD696 /* CarsTableViewController.swift */,
				4F2773741A08E5BA0012B779 /* AddCarTableViewController.swift */,
			);
			name = Scenes;
			sourceTree = "<group>";
		};
		4FC1E60619FEB71D002F743B /* Login */ = {
			isa = PBXGroup;
			children = (
				4FC1E60719FEB751002F743B /* LoginViewController.swift */,
			);
			name = Login;
			sourceTree = "<group>";
		};
/* End PBXGroup section */

/* Begin PBXNativeTarget section */
		4FC1E5DF19FEB518002F743B /* FareShout */ = {
			isa = PBXNativeTarget;
			buildConfigurationList = 4FC1E5FF19FEB518002F743B /* Build configuration list for PBXNativeTarget "FareShout" */;
			buildPhases = (
				4FC1E5DC19FEB518002F743B /* Sources */,
				4FC1E5DD19FEB518002F743B /* Frameworks */,
				4FC1E5DE19FEB518002F743B /* Resources */,
			);
			buildRules = (
			);
			dependencies = (
			);
			name = FareShout;
			productName = FareShout;
			productReference = 4FC1E5E019FEB518002F743B /* FareShout.app */;
			productType = "com.apple.product-type.application";
		};
		4FC1E5F419FEB518002F743B /* FareShoutTests */ = {
			isa = PBXNativeTarget;
			buildConfigurationList = 4FC1E60219FEB518002F743B /* Build configuration list for PBXNativeTarget "FareShoutTests" */;
			buildPhases = (
				4FC1E5F119FEB518002F743B /* Sources */,
				4FC1E5F219FEB518002F743B /* Frameworks */,
				4FC1E5F319FEB518002F743B /* Resources */,
			);
			buildRules = (
			);
			dependencies = (
				4FC1E5F719FEB518002F743B /* PBXTargetDependency */,
			);
			name = FareShoutTests;
			productName = FareShoutTests;
			productReference = 4FC1E5F519FEB518002F743B /* FareShoutTests.xctest */;
			productType = "com.apple.product-type.bundle.unit-test";
		};
/* End PBXNativeTarget section */

/* Begin PBXProject section */
		4FC1E5D819FEB518002F743B /* Project object */ = {
			isa = PBXProject;
			attributes = {
				LastUpgradeCheck = 0610;
				ORGANIZATIONNAME = "Matej Kramny";
				TargetAttributes = {
					4FC1E5DF19FEB518002F743B = {
						CreatedOnToolsVersion = 6.1;
						DevelopmentTeam = TCRG56FQHV;
					};
					4FC1E5F419FEB518002F743B = {
						CreatedOnToolsVersion = 6.1;
						TestTargetID = 4FC1E5DF19FEB518002F743B;
					};
				};
			};
			buildConfigurationList = 4FC1E5DB19FEB518002F743B /* Build configuration list for PBXProject "FareShout" */;
			compatibilityVersion = "Xcode 3.2";
			developmentRegion = English;
			hasScannedForEncodings = 0;
			knownRegions = (
				en,
				Base,
			);
			mainGroup = 4FC1E5D719FEB518002F743B;
			productRefGroup = 4FC1E5E119FEB518002F743B /* Products */;
			projectDirPath = "";
			projectRoot = "";
			targets = (
				4FC1E5DF19FEB518002F743B /* FareShout */,
				4FC1E5F419FEB518002F743B /* FareShoutTests */,
			);
		};
/* End PBXProject section */

/* Begin PBXResourcesBuildPhase section */
		4FC1E5DE19FEB518002F743B /* Resources */ = {
			isa = PBXResourcesBuildPhase;
			buildActionMask = 2147483647;
			files = (
				4FC1E5EB19FEB518002F743B /* Main.storyboard in Resources */,
				4FD346E11A127A76006026DD /* StepperTableViewCell.xib in Resources */,
				4FD346E91A12831B006026DD /* StartEndTableViewCell.xib in Resources */,
				4F8856AE1A1118240039EA6E /* SwitchTableViewCell.xib in Resources */,
				4FD346E51A127CB3006026DD /* PriceTableViewCell.xib in Resources */,
				4FC1E5F019FEB518002F743B /* LaunchScreen.xib in Resources */,
				4FC1E5ED19FEB518002F743B /* Images.xcassets in Resources */,
				4F8856AA1A10FA120039EA6E /* TextFieldTableViewCell.xib in Resources */,
			);
			runOnlyForDeploymentPostprocessing = 0;
		};
		4FC1E5F319FEB518002F743B /* Resources */ = {
			isa = PBXResourcesBuildPhase;
			buildActionMask = 2147483647;
			files = (
			);
			runOnlyForDeploymentPostprocessing = 0;
		};
/* End PBXResourcesBuildPhase section */

/* Begin PBXSourcesBuildPhase section */
		4FC1E5DC19FEB518002F743B /* Sources */ = {
			isa = PBXSourcesBuildPhase;
			buildActionMask = 2147483647;
			files = (
				4FA9F15A19FED9B7009D0F33 /* User.swift in Sources */,
				4F95342A19FFF7060058210D /* ProfileTableViewCell.swift in Sources */,
				4FD6D2921A0551F600199082 /* Car.swift in Sources */,
				4FA9F16119FFD3CA009D0F33 /* PageRootViewController.swift in Sources */,
				4F525F371A05958B00EDD696 /* Journey.swift in Sources */,
				4F525F3D1A06A46500EDD696 /* CarsTableViewController.swift in Sources */,
				4FC1E61019FEB891002F743B /* FacebookCtrl.m in Sources */,
				4FD346E01A127A76006026DD /* StepperTableViewCell.swift in Sources */,
				4F525F3B1A05A26C00EDD696 /* AddJourneyTableViewController.swift in Sources */,
				4FD346E81A12831B006026DD /* StartEndTableViewCell.swift in Sources */,
				4FD6D2961A05560B00199082 /* Network.swift in Sources */,
				4F8856AD1A1118240039EA6E /* SwitchTableViewCell.swift in Sources */,
				4FD346E41A127CB3006026DD /* PriceTableViewCell.swift in Sources */,
				4F2773731A08E4FD0012B779 /* TextFieldTableViewCell.swift in Sources */,
				4FC1E60819FEB751002F743B /* LoginViewController.swift in Sources */,
				4F95342719FFEFDF0058210D /* UserTableViewController.swift in Sources */,
				4F525F391A05A10800EDD696 /* NearbyJourneysTableViewController.swift in Sources */,
				4F2773751A08E5BA0012B779 /* AddCarTableViewController.swift in Sources */,
				4FC1E5E619FEB518002F743B /* AppDelegate.swift in Sources */,
			);
			runOnlyForDeploymentPostprocessing = 0;
		};
		4FC1E5F119FEB518002F743B /* Sources */ = {
			isa = PBXSourcesBuildPhase;
			buildActionMask = 2147483647;
			files = (
				4FD6D2931A0555D700199082 /* User.swift in Sources */,
				4FC1E5FC19FEB518002F743B /* FareShoutTests.swift in Sources */,
				4FD6D2991A05564500199082 /* CarTest.swift in Sources */,
				4FD6D2971A05561600199082 /* Network.swift in Sources */,
				4FD6D2941A0555DA00199082 /* Car.swift in Sources */,
			);
			runOnlyForDeploymentPostprocessing = 0;
		};
/* End PBXSourcesBuildPhase section */

/* Begin PBXTargetDependency section */
		4FC1E5F719FEB518002F743B /* PBXTargetDependency */ = {
			isa = PBXTargetDependency;
			target = 4FC1E5DF19FEB518002F743B /* FareShout */;
			targetProxy = 4FC1E5F619FEB518002F743B /* PBXContainerItemProxy */;
		};
/* End PBXTargetDependency section */

/* Begin PBXVariantGroup section */
		4FC1E5E919FEB518002F743B /* Main.storyboard */ = {
			isa = PBXVariantGroup;
			children = (
				4FC1E5EA19FEB518002F743B /* Base */,
			);
			name = Main.storyboard;
			sourceTree = "<group>";
		};
		4FC1E5EE19FEB518002F743B /* LaunchScreen.xib */ = {
			isa = PBXVariantGroup;
			children = (
				4FC1E5EF19FEB518002F743B /* Base */,
			);
			name = LaunchScreen.xib;
			sourceTree = "<group>";
		};
/* End PBXVariantGroup section */

/* Begin XCBuildConfiguration section */
		4FC1E5FD19FEB518002F743B /* Debug */ = {
			isa = XCBuildConfiguration;
			buildSettings = {
				ALWAYS_SEARCH_USER_PATHS = NO;
				CLANG_CXX_LANGUAGE_STANDARD = "gnu++0x";
				CLANG_CXX_LIBRARY = "libc++";
				CLANG_ENABLE_MODULES = YES;
				CLANG_ENABLE_OBJC_ARC = YES;
				CLANG_WARN_BOOL_CONVERSION = YES;
				CLANG_WARN_CONSTANT_CONVERSION = YES;
				CLANG_WARN_DIRECT_OBJC_ISA_USAGE = YES_ERROR;
				CLANG_WARN_EMPTY_BODY = YES;
				CLANG_WARN_ENUM_CONVERSION = YES;
				CLANG_WARN_INT_CONVERSION = YES;
				CLANG_WARN_OBJC_ROOT_CLASS = YES_ERROR;
				CLANG_WARN_UNREACHABLE_CODE = YES;
				CLANG_WARN__DUPLICATE_METHOD_MATCH = YES;
				"CODE_SIGN_IDENTITY[sdk=iphoneos*]" = "iPhone Developer";
				COPY_PHASE_STRIP = NO;
				ENABLE_STRICT_OBJC_MSGSEND = YES;
				GCC_C_LANGUAGE_STANDARD = gnu99;
				GCC_DYNAMIC_NO_PIC = NO;
				GCC_OPTIMIZATION_LEVEL = 0;
				GCC_PREPROCESSOR_DEFINITIONS = (
					"DEBUG=1",
					"$(inherited)",
				);
				GCC_SYMBOLS_PRIVATE_EXTERN = NO;
				GCC_WARN_64_TO_32_BIT_CONVERSION = YES;
				GCC_WARN_ABOUT_RETURN_TYPE = YES_ERROR;
				GCC_WARN_UNDECLARED_SELECTOR = YES;
				GCC_WARN_UNINITIALIZED_AUTOS = YES_AGGRESSIVE;
				GCC_WARN_UNUSED_FUNCTION = YES;
				GCC_WARN_UNUSED_VARIABLE = YES;
				IPHONEOS_DEPLOYMENT_TARGET = 8.1;
				MTL_ENABLE_DEBUG_INFO = YES;
				ONLY_ACTIVE_ARCH = YES;
				SDKROOT = iphoneos;
				SWIFT_OPTIMIZATION_LEVEL = "-Onone";
			};
			name = Debug;
		};
		4FC1E5FE19FEB518002F743B /* Release */ = {
			isa = XCBuildConfiguration;
			buildSettings = {
				ALWAYS_SEARCH_USER_PATHS = NO;
				CLANG_CXX_LANGUAGE_STANDARD = "gnu++0x";
				CLANG_CXX_LIBRARY = "libc++";
				CLANG_ENABLE_MODULES = YES;
				CLANG_ENABLE_OBJC_ARC = YES;
				CLANG_WARN_BOOL_CONVERSION = YES;
				CLANG_WARN_CONSTANT_CONVERSION = YES;
				CLANG_WARN_DIRECT_OBJC_ISA_USAGE = YES_ERROR;
				CLANG_WARN_EMPTY_BODY = YES;
				CLANG_WARN_ENUM_CONVERSION = YES;
				CLANG_WARN_INT_CONVERSION = YES;
				CLANG_WARN_OBJC_ROOT_CLASS = YES_ERROR;
				CLANG_WARN_UNREACHABLE_CODE = YES;
				CLANG_WARN__DUPLICATE_METHOD_MATCH = YES;
				"CODE_SIGN_IDENTITY[sdk=iphoneos*]" = "iPhone Developer";
				COPY_PHASE_STRIP = YES;
				ENABLE_NS_ASSERTIONS = NO;
				ENABLE_STRICT_OBJC_MSGSEND = YES;
				GCC_C_LANGUAGE_STANDARD = gnu99;
				GCC_WARN_64_TO_32_BIT_CONVERSION = YES;
				GCC_WARN_ABOUT_RETURN_TYPE = YES_ERROR;
				GCC_WARN_UNDECLARED_SELECTOR = YES;
				GCC_WARN_UNINITIALIZED_AUTOS = YES_AGGRESSIVE;
				GCC_WARN_UNUSED_FUNCTION = YES;
				GCC_WARN_UNUSED_VARIABLE = YES;
				IPHONEOS_DEPLOYMENT_TARGET = 8.1;
				MTL_ENABLE_DEBUG_INFO = NO;
				SDKROOT = iphoneos;
				VALIDATE_PRODUCT = YES;
			};
			name = Release;
		};
		4FC1E60019FEB518002F743B /* Debug */ = {
			isa = XCBuildConfiguration;
			buildSettings = {
				ASSETCATALOG_COMPILER_APPICON_NAME = AppIcon;
				CLANG_ENABLE_MODULES = YES;
				CODE_SIGN_IDENTITY = "iPhone Developer";
				"CODE_SIGN_IDENTITY[sdk=iphoneos*]" = "iPhone Developer";
				INFOPLIST_FILE = FareShout/Info.plist;
				IPHONEOS_DEPLOYMENT_TARGET = 7.0;
				LD_RUNPATH_SEARCH_PATHS = "$(inherited) @executable_path/Frameworks";
				PRODUCT_NAME = "$(TARGET_NAME)";
				PROVISIONING_PROFILE = "";
				SWIFT_OBJC_BRIDGING_HEADER = "FareShout/FareShout-Bridging-Header.h";
				SWIFT_OPTIMIZATION_LEVEL = "-Onone";
			};
			name = Debug;
		};
		4FC1E60119FEB518002F743B /* Release */ = {
			isa = XCBuildConfiguration;
			buildSettings = {
				ASSETCATALOG_COMPILER_APPICON_NAME = AppIcon;
				CLANG_ENABLE_MODULES = YES;
				CODE_SIGN_IDENTITY = "iPhone Developer";
				"CODE_SIGN_IDENTITY[sdk=iphoneos*]" = "iPhone Developer";
				INFOPLIST_FILE = FareShout/Info.plist;
				IPHONEOS_DEPLOYMENT_TARGET = 7.0;
				LD_RUNPATH_SEARCH_PATHS = "$(inherited) @executable_path/Frameworks";
				PRODUCT_NAME = "$(TARGET_NAME)";
				PROVISIONING_PROFILE = "";
				SWIFT_OBJC_BRIDGING_HEADER = "FareShout/FareShout-Bridging-Header.h";
			};
			name = Release;
		};
		4FC1E60319FEB518002F743B /* Debug */ = {
			isa = XCBuildConfiguration;
			buildSettings = {
				BUNDLE_LOADER = "$(TEST_HOST)";
				FRAMEWORK_SEARCH_PATHS = (
					"$(SDKROOT)/Developer/Library/Frameworks",
					"$(inherited)",
				);
				GCC_PREPROCESSOR_DEFINITIONS = (
					"DEBUG=1",
					"$(inherited)",
				);
				INFOPLIST_FILE = FareShoutTests/Info.plist;
				LD_RUNPATH_SEARCH_PATHS = "$(inherited) @executable_path/Frameworks @loader_path/Frameworks";
				PRODUCT_NAME = "$(TARGET_NAME)";
				TEST_HOST = "$(BUILT_PRODUCTS_DIR)/FareShout.app/FareShout";
			};
			name = Debug;
		};
		4FC1E60419FEB518002F743B /* Release */ = {
			isa = XCBuildConfiguration;
			buildSettings = {
				BUNDLE_LOADER = "$(TEST_HOST)";
				FRAMEWORK_SEARCH_PATHS = (
					"$(SDKROOT)/Developer/Library/Frameworks",
					"$(inherited)",
				);
				INFOPLIST_FILE = FareShoutTests/Info.plist;
				LD_RUNPATH_SEARCH_PATHS = "$(inherited) @executable_path/Frameworks @loader_path/Frameworks";
				PRODUCT_NAME = "$(TARGET_NAME)";
				TEST_HOST = "$(BUILT_PRODUCTS_DIR)/FareShout.app/FareShout";
			};
			name = Release;
		};
/* End XCBuildConfiguration section */

/* Begin XCConfigurationList section */
		4FC1E5DB19FEB518002F743B /* Build configuration list for PBXProject "FareShout" */ = {
			isa = XCConfigurationList;
			buildConfigurations = (
				4FC1E5FD19FEB518002F743B /* Debug */,
				4FC1E5FE19FEB518002F743B /* Release */,
			);
			defaultConfigurationIsVisible = 0;
			defaultConfigurationName = Release;
		};
		4FC1E5FF19FEB518002F743B /* Build configuration list for PBXNativeTarget "FareShout" */ = {
			isa = XCConfigurationList;
			buildConfigurations = (
				4FC1E60019FEB518002F743B /* Debug */,
				4FC1E60119FEB518002F743B /* Release */,
			);
			defaultConfigurationIsVisible = 0;
			defaultConfigurationName = Release;
		};
		4FC1E60219FEB518002F743B /* Build configuration list for PBXNativeTarget "FareShoutTests" */ = {
			isa = XCConfigurationList;
			buildConfigurations = (
				4FC1E60319FEB518002F743B /* Debug */,
				4FC1E60419FEB518002F743B /* Release */,
			);
			defaultConfigurationIsVisible = 0;
			defaultConfigurationName = Release;
		};
/* End XCConfigurationList section */
	};
	rootObject = 4FC1E5D819FEB518002F743B /* Project object */;
}
